// !$*UTF8*$!
{
	archiveVersion = 1;
	classes = {
	};
	objectVersion = 50;
	objects = {

/* Begin PBXBuildFile section */
		2811D68B2689B0C100EA65A1 /* Fraction.m in Sources */ = {isa = PBXBuildFile; fileRef = 2811D68A2689B0C100EA65A1 /* Fraction.m */; };
		2811D68D2689B54300EA65A1 /* Fraction_main.m in Sources */ = {isa = PBXBuildFile; fileRef = 2811D68C2689B54300EA65A1 /* Fraction_main.m */; };
		2811D690268A989700EA65A1 /* _3_data_type.m in Sources */ = {isa = PBXBuildFile; fileRef = 2811D68F268A989700EA65A1 /* _3_data_type.m */; };
		2833B7B5268D3E7C000A4CF1 /* _4_expression.m in Sources */ = {isa = PBXBuildFile; fileRef = 2833B7B4268D3E7C000A4CF1 /* _4_expression.m */; };
		28D9525B268607E100B833B7 /* _1_first_app.m in Sources */ = {isa = PBXBuildFile; fileRef = 28D9525A268607E100B833B7 /* _1_first_app.m */; };
/* End PBXBuildFile section */

/* Begin PBXCopyFilesBuildPhase section */
		28D95255268607E100B833B7 /* CopyFiles */ = {
			isa = PBXCopyFilesBuildPhase;
			buildActionMask = 2147483647;
			dstPath = /usr/share/man/man1/;
			dstSubfolderSpec = 0;
			files = (
			);
			runOnlyForDeploymentPostprocessing = 1;
		};
/* End PBXCopyFilesBuildPhase section */

/* Begin PBXFileReference section */
		2811D6892689AFFC00EA65A1 /* Fraction.h */ = {isa = PBXFileReference; lastKnownFileType = sourcecode.c.h; path = Fraction.h; sourceTree = "<group>"; };
		2811D68A2689B0C100EA65A1 /* Fraction.m */ = {isa = PBXFileReference; lastKnownFileType = sourcecode.c.objc; path = Fraction.m; sourceTree = "<group>"; };
		2811D68C2689B54300EA65A1 /* Fraction_main.m */ = {isa = PBXFileReference; lastKnownFileType = sourcecode.c.objc; path = Fraction_main.m; sourceTree = "<group>"; };
		2811D68F268A989700EA65A1 /* _3_data_type.m */ = {isa = PBXFileReference; lastKnownFileType = sourcecode.c.objc; path = _3_data_type.m; sourceTree = "<group>"; };
		2833B7B4268D3E7C000A4CF1 /* _4_expression.m */ = {isa = PBXFileReference; lastKnownFileType = sourcecode.c.objc; path = _4_expression.m; sourceTree = "<group>"; };
		28D95257268607E100B833B7 /* test-Object-C */ = {isa = PBXFileReference; explicitFileType = "compiled.mach-o.executable"; includeInIndex = 0; path = "test-Object-C"; sourceTree = BUILT_PRODUCTS_DIR; };
		28D9525A268607E100B833B7 /* _1_first_app.m */ = {isa = PBXFileReference; lastKnownFileType = sourcecode.c.objc; path = _1_first_app.m; sourceTree = "<group>"; };
/* End PBXFileReference section */

/* Begin PBXFrameworksBuildPhase section */
		28D95254268607E100B833B7 /* Frameworks */ = {
			isa = PBXFrameworksBuildPhase;
			buildActionMask = 2147483647;
			files = (
			);
			runOnlyForDeploymentPostprocessing = 0;
		};
/* End PBXFrameworksBuildPhase section */

/* Begin PBXGroup section */
		2811D6872689AE6200EA65A1 /* _2_class_object_method */ = {
			isa = PBXGroup;
			children = (
				2811D6892689AFFC00EA65A1 /* Fraction.h */,
				2811D68A2689B0C100EA65A1 /* Fraction.m */,
				2811D68C2689B54300EA65A1 /* Fraction_main.m */,
			);
			path = _2_class_object_method;
			sourceTree = "<group>";
		};
		28D9524E268607E100B833B7 = {
			isa = PBXGroup;
			children = (
				28D95259268607E100B833B7 /* test-Object-C */,
				28D95258268607E100B833B7 /* Products */,
			);
			sourceTree = "<group>";
		};
		28D95258268607E100B833B7 /* Products */ = {
			isa = PBXGroup;
			children = (
				28D95257268607E100B833B7 /* test-Object-C */,
			);
			name = Products;
			sourceTree = "<group>";
		};
		28D95259268607E100B833B7 /* test-Object-C */ = {
			isa = PBXGroup;
			children = (
				28D9525A268607E100B833B7 /* _1_first_app.m */,
				2811D68F268A989700EA65A1 /* _3_data_type.m */,
				2811D6872689AE6200EA65A1 /* _2_class_object_method */,
				2833B7B4268D3E7C000A4CF1 /* _4_expression.m */,
			);
			path = "test-Object-C";
			sourceTree = "<group>";
		};
/* End PBXGroup section */

/* Begin PBXNativeTarget section */
		28D95256268607E100B833B7 /* test-Object-C */ = {
			isa = PBXNativeTarget;
			buildConfigurationList = 28D9525E268607E100B833B7 /* Build configuration list for PBXNativeTarget "test-Object-C" */;
			buildPhases = (
				28D95253268607E100B833B7 /* Sources */,
				28D95254268607E100B833B7 /* Frameworks */,
				28D95255268607E100B833B7 /* CopyFiles */,
			);
			buildRules = (
			);
			dependencies = (
			);
			name = "test-Object-C";
			productName = "test-Object-C";
			productReference = 28D95257268607E100B833B7 /* test-Object-C */;
			productType = "com.apple.product-type.tool";
		};
/* End PBXNativeTarget section */

/* Begin PBXProject section */
		28D9524F268607E100B833B7 /* Project object */ = {
			isa = PBXProject;
			attributes = {
				LastUpgradeCheck = 1030;
				ORGANIZATIONNAME = hades;
				TargetAttributes = {
					28D95256268607E100B833B7 = {
						CreatedOnToolsVersion = 10.3;
					};
				};
			};
			buildConfigurationList = 28D95252268607E100B833B7 /* Build configuration list for PBXProject "test-Object-C" */;
			compatibilityVersion = "Xcode 9.3";
			developmentRegion = en;
			hasScannedForEncodings = 0;
			knownRegions = (
				en,
			);
			mainGroup = 28D9524E268607E100B833B7;
			productRefGroup = 28D95258268607E100B833B7 /* Products */;
			projectDirPath = "";
			projectRoot = "";
			targets = (
				28D95256268607E100B833B7 /* test-Object-C */,
			);
		};
/* End PBXProject section */

/* Begin PBXSourcesBuildPhase section */
		28D95253268607E100B833B7 /* Sources */ = {
			isa = PBXSourcesBuildPhase;
			buildActionMask = 2147483647;
			files = (
				28D9525B268607E100B833B7 /* _1_first_app.m in Sources */,
				2833B7B5268D3E7C000A4CF1 /* _4_expression.m in Sources */,
				2811D690268A989700EA65A1 /* _3_data_type.m in Sources */,
				2811D68B2689B0C100EA65A1 /* Fraction.m in Sources */,
				2811D68D2689B54300EA65A1 /* Fraction_main.m in Sources */,
			);
			runOnlyForDeploymentPostprocessing = 0;
		};
/* End PBXSourcesBuildPhase section */

/* Begin XCBuildConfiguration section */
		28D9525C268607E100B833B7 /* Debug */ = {
			isa = XCBuildConfiguration;
			buildSettings = {
				ALWAYS_SEARCH_USER_PATHS = NO;
				CLANG_ANALYZER_NONNULL = YES;
				CLANG_ANALYZER_NUMBER_OBJECT_CONVERSION = YES_AGGRESSIVE;
				CLANG_CXX_LANGUAGE_STANDARD = "gnu++14";
				CLANG_CXX_LIBRARY = "libc++";
				CLANG_ENABLE_MODULES = YES;
				CLANG_ENABLE_OBJC_ARC = YES;
				CLANG_ENABLE_OBJC_WEAK = YES;
				CLANG_WARN_BLOCK_CAPTURE_AUTORELEASING = YES;
				CLANG_WARN_BOOL_CONVERSION = YES;
				CLANG_WARN_COMMA = YES;
				CLANG_WARN_CONSTANT_CONVERSION = YES;
				CLANG_WARN_DEPRECATED_OBJC_IMPLEMENTATIONS = YES;
				CLANG_WARN_DIRECT_OBJC_ISA_USAGE = YES_ERROR;
				CLANG_WARN_DOCUMENTATION_COMMENTS = YES;
				CLANG_WARN_EMPTY_BODY = YES;
				CLANG_WARN_ENUM_CONVERSION = YES;
				CLANG_WARN_INFINITE_RECURSION = YES;
				CLANG_WARN_INT_CONVERSION = YES;
				CLANG_WARN_NON_LITERAL_NULL_CONVERSION = YES;
				CLANG_WARN_OBJC_IMPLICIT_RETAIN_SELF = YES;
				CLANG_WARN_OBJC_LITERAL_CONVERSION = YES;
				CLANG_WARN_OBJC_ROOT_CLASS = YES_ERROR;
				CLANG_WARN_RANGE_LOOP_ANALYSIS = YES;
				CLANG_WARN_STRICT_PROTOTYPES = YES;
				CLANG_WARN_SUSPICIOUS_MOVE = YES;
				CLANG_WARN_UNGUARDED_AVAILABILITY = YES_AGGRESSIVE;
				CLANG_WARN_UNREACHABLE_CODE = YES;
				CLANG_WARN__DUPLICATE_METHOD_MATCH = YES;
				CODE_SIGN_IDENTITY = "Mac Developer";
				COPY_PHASE_STRIP = NO;
				DEBUG_INFORMATION_FORMAT = dwarf;
				ENABLE_STRICT_OBJC_MSGSEND = YES;
				ENABLE_TESTABILITY = YES;
				GCC_C_LANGUAGE_STANDARD = gnu11;
				GCC_DYNAMIC_NO_PIC = NO;
				GCC_NO_COMMON_BLOCKS = YES;
				GCC_OPTIMIZATION_LEVEL = 0;
				GCC_PREPROCESSOR_DEFINITIONS = (
					"DEBUG=1",
					"$(inherited)",
				);
				GCC_WARN_64_TO_32_BIT_CONVERSION = YES;
				GCC_WARN_ABOUT_RETURN_TYPE = YES_ERROR;
				GCC_WARN_UNDECLARED_SELECTOR = YES;
				GCC_WARN_UNINITIALIZED_AUTOS = YES_AGGRESSIVE;
				GCC_WARN_UNUSED_FUNCTION = YES;
				GCC_WARN_UNUSED_VARIABLE = YES;
				MACOSX_DEPLOYMENT_TARGET = 10.14;
				MTL_ENABLE_DEBUG_INFO = INCLUDE_SOURCE;
				MTL_FAST_MATH = YES;
				ONLY_ACTIVE_ARCH = YES;
				SDKROOT = macosx;
			};
			name = Debug;
		};
		28D9525D268607E100B833B7 /* Release */ = {
			isa = XCBuildConfiguration;
			buildSettings = {
				ALWAYS_SEARCH_USER_PATHS = NO;
				CLANG_ANALYZER_NONNULL = YES;
				CLANG_ANALYZER_NUMBER_OBJECT_CONVERSION = YES_AGGRESSIVE;
				CLANG_CXX_LANGUAGE_STANDARD = "gnu++14";
				CLANG_CXX_LIBRARY = "libc++";
				CLANG_ENABLE_MODULES = YES;
				CLANG_ENABLE_OBJC_ARC = YES;
				CLANG_ENABLE_OBJC_WEAK = YES;
				CLANG_WARN_BLOCK_CAPTURE_AUTORELEASING = YES;
				CLANG_WARN_BOOL_CONVERSION = YES;
				CLANG_WARN_COMMA = YES;
				CLANG_WARN_CONSTANT_CONVERSION = YES;
				CLANG_WARN_DEPRECATED_OBJC_IMPLEMENTATIONS = YES;
				CLANG_WARN_DIRECT_OBJC_ISA_USAGE = YES_ERROR;
				CLANG_WARN_DOCUMENTATION_COMMENTS = YES;
				CLANG_WARN_EMPTY_BODY = YES;
				CLANG_WARN_ENUM_CONVERSION = YES;
				CLANG_WARN_INFINITE_RECURSION = YES;
				CLANG_WARN_INT_CONVERSION = YES;
				CLANG_WARN_NON_LITERAL_NULL_CONVERSION = YES;
				CLANG_WARN_OBJC_IMPLICIT_RETAIN_SELF = YES;
				CLANG_WARN_OBJC_LITERAL_CONVERSION = YES;
				CLANG_WARN_OBJC_ROOT_CLASS = YES_ERROR;
				CLANG_WARN_RANGE_LOOP_ANALYSIS = YES;
				CLANG_WARN_STRICT_PROTOTYPES = YES;
				CLANG_WARN_SUSPICIOUS_MOVE = YES;
				CLANG_WARN_UNGUARDED_AVAILABILITY = YES_AGGRESSIVE;
				CLANG_WARN_UNREACHABLE_CODE = YES;
				CLANG_WARN__DUPLICATE_METHOD_MATCH = YES;
				CODE_SIGN_IDENTITY = "Mac Developer";
				COPY_PHASE_STRIP = NO;
				DEBUG_INFORMATION_FORMAT = "dwarf-with-dsym";
				ENABLE_NS_ASSERTIONS = NO;
				ENABLE_STRICT_OBJC_MSGSEND = YES;
				GCC_C_LANGUAGE_STANDARD = gnu11;
				GCC_NO_COMMON_BLOCKS = YES;
				GCC_WARN_64_TO_32_BIT_CONVERSION = YES;
				GCC_WARN_ABOUT_RETURN_TYPE = YES_ERROR;
				GCC_WARN_UNDECLARED_SELECTOR = YES;
				GCC_WARN_UNINITIALIZED_AUTOS = YES_AGGRESSIVE;
				GCC_WARN_UNUSED_FUNCTION = YES;
				GCC_WARN_UNUSED_VARIABLE = YES;
				MACOSX_DEPLOYMENT_TARGET = 10.14;
				MTL_ENABLE_DEBUG_INFO = NO;
				MTL_FAST_MATH = YES;
				SDKROOT = macosx;
			};
			name = Release;
		};
		28D9525F268607E100B833B7 /* Debug */ = {
			isa = XCBuildConfiguration;
			buildSettings = {
				CODE_SIGN_STYLE = Automatic;
				DEVELOPMENT_TEAM = VZYZW6949U;
				PRODUCT_NAME = "$(TARGET_NAME)";
			};
			name = Debug;
		};
		28D95260268607E100B833B7 /* Release */ = {
			isa = XCBuildConfiguration;
			buildSettings = {
				CODE_SIGN_STYLE = Automatic;
				DEVELOPMENT_TEAM = VZYZW6949U;
				PRODUCT_NAME = "$(TARGET_NAME)";
			};
			name = Release;
		};
/* End XCBuildConfiguration section */

/* Begin XCConfigurationList section */
		28D95252268607E100B833B7 /* Build configuration list for PBXProject "test-Object-C" */ = {
			isa = XCConfigurationList;
			buildConfigurations = (
				28D9525C268607E100B833B7 /* Debug */,
				28D9525D268607E100B833B7 /* Release */,
			);
			defaultConfigurationIsVisible = 0;
			defaultConfigurationName = Release;
		};
		28D9525E268607E100B833B7 /* Build configuration list for PBXNativeTarget "test-Object-C" */ = {
			isa = XCConfigurationList;
			buildConfigurations = (
				28D9525F268607E100B833B7 /* Debug */,
				28D95260268607E100B833B7 /* Release */,
			);
			defaultConfigurationIsVisible = 0;
			defaultConfigurationName = Release;
		};
/* End XCConfigurationList section */
	};
	rootObject = 28D9524F268607E100B833B7 /* Project object */;
}
