// !$*UTF8*$!
{
	archiveVersion = 1;
	classes = {
	};
	objectVersion = 50;
	objects = {

/* Begin PBXBuildFile section */
		286DCECE258CB1E700148706 /* main_mutable.m in Sources */ = {isa = PBXBuildFile; fileRef = 286DCECD258CB1E700148706 /* main_mutable.m */; };
		28D2F57B25877F6000932A1C /* Car.m in Sources */ = {isa = PBXBuildFile; fileRef = 28D2F57A25877F6000932A1C /* Car.m */; };
		28D2F5812587801E00932A1C /* BlackCar.m in Sources */ = {isa = PBXBuildFile; fileRef = 28D2F5802587801E00932A1C /* BlackCar.m */; };
		28D2F5842587824B00932A1C /* main.m in Sources */ = {isa = PBXBuildFile; fileRef = 28D2F5832587824B00932A1C /* main.m */; };
		28D2F58D258787A000932A1C /* Car+CarExtend.m in Sources */ = {isa = PBXBuildFile; fileRef = 28D2F58C258787A000932A1C /* Car+CarExtend.m */; };
		28D2F59025878F3300932A1C /* main.m in Sources */ = {isa = PBXBuildFile; fileRef = 28D2F58F25878F3300932A1C /* main.m */; };
		28E9738E258349BD00043B37 /* Person.m in Sources */ = {isa = PBXBuildFile; fileRef = 28E9738D258349BD00043B37 /* Person.m */; };
		28E9739A2583929200043B37 /* Person2.m in Sources */ = {isa = PBXBuildFile; fileRef = 28E973992583929200043B37 /* Person2.m */; };
		28F550F2258A31CB00FF63A0 /* main_mutable.m in Sources */ = {isa = PBXBuildFile; fileRef = 28F550F1258A31CB00FF63A0 /* main_mutable.m */; };
		28F605592571155A007DD7DD /* main.m in Sources */ = {isa = PBXBuildFile; fileRef = 28F605582571155A007DD7DD /* main.m */; };
		28F7A229258B782C00107F6A /* main.m in Sources */ = {isa = PBXBuildFile; fileRef = 28F7A228258B782C00107F6A /* main.m */; };
		28F7A22C258B7FD200107F6A /* main_mutable.m in Sources */ = {isa = PBXBuildFile; fileRef = 28F7A22B258B7FD200107F6A /* main_mutable.m */; };
		28F7A22F258C99AB00107F6A /* main.m in Sources */ = {isa = PBXBuildFile; fileRef = 28F7A22E258C99AB00107F6A /* main.m */; };
		28F7A233258C9B5700107F6A /* main_mutable.m in Sources */ = {isa = PBXBuildFile; fileRef = 28F7A232258C9B5700107F6A /* main_mutable.m */; };
		28F7A236258CAB0900107F6A /* main.m in Sources */ = {isa = PBXBuildFile; fileRef = 28F7A235258CAB0900107F6A /* main.m */; };
		28F7A239258CAED600107F6A /* main.m in Sources */ = {isa = PBXBuildFile; fileRef = 28F7A238258CAED600107F6A /* main.m */; };
/* End PBXBuildFile section */

/* Begin PBXCopyFilesBuildPhase section */
		28F605532571155A007DD7DD /* CopyFiles */ = {
			isa = PBXCopyFilesBuildPhase;
			buildActionMask = 2147483647;
			dstPath = /usr/share/man/man1/;
			dstSubfolderSpec = 0;
			files = (
			);
			runOnlyForDeploymentPostprocessing = 1;
		};
/* End PBXCopyFilesBuildPhase section */

/* Begin PBXFileReference section */
		286DCECD258CB1E700148706 /* main_mutable.m */ = {isa = PBXFileReference; lastKnownFileType = sourcecode.c.objc; path = main_mutable.m; sourceTree = "<group>"; };
		28D2F57A25877F6000932A1C /* Car.m */ = {isa = PBXFileReference; lastKnownFileType = sourcecode.c.objc; path = Car.m; sourceTree = "<group>"; };
		28D2F57F2587801E00932A1C /* BlackCar.h */ = {isa = PBXFileReference; lastKnownFileType = sourcecode.c.h; path = BlackCar.h; sourceTree = "<group>"; };
		28D2F5802587801E00932A1C /* BlackCar.m */ = {isa = PBXFileReference; lastKnownFileType = sourcecode.c.objc; path = BlackCar.m; sourceTree = "<group>"; };
		28D2F5822587814F00932A1C /* Car.h */ = {isa = PBXFileReference; lastKnownFileType = sourcecode.c.h; path = Car.h; sourceTree = "<group>"; };
		28D2F5832587824B00932A1C /* main.m */ = {isa = PBXFileReference; lastKnownFileType = sourcecode.c.objc; path = main.m; sourceTree = "<group>"; };
		28D2F58B258787A000932A1C /* Car+CarExtend.h */ = {isa = PBXFileReference; lastKnownFileType = sourcecode.c.h; path = "Car+CarExtend.h"; sourceTree = "<group>"; };
		28D2F58C258787A000932A1C /* Car+CarExtend.m */ = {isa = PBXFileReference; lastKnownFileType = sourcecode.c.objc; path = "Car+CarExtend.m"; sourceTree = "<group>"; };
		28D2F58F25878F3300932A1C /* main.m */ = {isa = PBXFileReference; lastKnownFileType = sourcecode.c.objc; path = main.m; sourceTree = "<group>"; };
		28E9738C258349BD00043B37 /* Person.h */ = {isa = PBXFileReference; lastKnownFileType = sourcecode.c.h; path = Person.h; sourceTree = "<group>"; };
		28E9738D258349BD00043B37 /* Person.m */ = {isa = PBXFileReference; lastKnownFileType = sourcecode.c.objc; path = Person.m; sourceTree = "<group>"; };
		28E973992583929200043B37 /* Person2.m */ = {isa = PBXFileReference; lastKnownFileType = sourcecode.c.objc; path = Person2.m; sourceTree = "<group>"; };
		28F550F1258A31CB00FF63A0 /* main_mutable.m */ = {isa = PBXFileReference; lastKnownFileType = sourcecode.c.objc; path = main_mutable.m; sourceTree = "<group>"; };
		28F605552571155A007DD7DD /* test-Object-C */ = {isa = PBXFileReference; explicitFileType = "compiled.mach-o.executable"; includeInIndex = 0; path = "test-Object-C"; sourceTree = BUILT_PRODUCTS_DIR; };
		28F605582571155A007DD7DD /* main.m */ = {isa = PBXFileReference; lastKnownFileType = sourcecode.c.objc; path = main.m; sourceTree = "<group>"; };
		28F7A228258B782C00107F6A /* main.m */ = {isa = PBXFileReference; lastKnownFileType = sourcecode.c.objc; path = main.m; sourceTree = "<group>"; };
		28F7A22B258B7FD200107F6A /* main_mutable.m */ = {isa = PBXFileReference; lastKnownFileType = sourcecode.c.objc; path = main_mutable.m; sourceTree = "<group>"; };
		28F7A22E258C99AB00107F6A /* main.m */ = {isa = PBXFileReference; lastKnownFileType = sourcecode.c.objc; path = main.m; sourceTree = "<group>"; };
		28F7A232258C9B5700107F6A /* main_mutable.m */ = {isa = PBXFileReference; lastKnownFileType = sourcecode.c.objc; path = main_mutable.m; sourceTree = "<group>"; };
		28F7A235258CAB0900107F6A /* main.m */ = {isa = PBXFileReference; lastKnownFileType = sourcecode.c.objc; path = main.m; sourceTree = "<group>"; };
		28F7A238258CAED600107F6A /* main.m */ = {isa = PBXFileReference; lastKnownFileType = sourcecode.c.objc; path = main.m; sourceTree = "<group>"; };
/* End PBXFileReference section */

/* Begin PBXFrameworksBuildPhase section */
		28F605522571155A007DD7DD /* Frameworks */ = {
			isa = PBXFrameworksBuildPhase;
			buildActionMask = 2147483647;
			files = (
			);
			runOnlyForDeploymentPostprocessing = 0;
		};
/* End PBXFrameworksBuildPhase section */

/* Begin PBXGroup section */
		28D2F57725877E6B00932A1C /* _1.14_category */ = {
			isa = PBXGroup;
			children = (
				28D2F57F2587801E00932A1C /* BlackCar.h */,
				28D2F5802587801E00932A1C /* BlackCar.m */,
				28D2F57A25877F6000932A1C /* Car.m */,
				28D2F5822587814F00932A1C /* Car.h */,
				28D2F5832587824B00932A1C /* main.m */,
				28D2F58B258787A000932A1C /* Car+CarExtend.h */,
				28D2F58C258787A000932A1C /* Car+CarExtend.m */,
			);
			path = _1.14_category;
			sourceTree = "<group>";
		};
		28D2F58E25878F1B00932A1C /* _2_NSString */ = {
			isa = PBXGroup;
			children = (
				28F550F1258A31CB00FF63A0 /* main_mutable.m */,
				28D2F58F25878F3300932A1C /* main.m */,
			);
			path = _2_NSString;
			sourceTree = "<group>";
		};
		28E9738B258348FD00043B37 /* _1.1_base */ = {
			isa = PBXGroup;
			children = (
				28F605582571155A007DD7DD /* main.m */,
				28E9738C258349BD00043B37 /* Person.h */,
				28E9738D258349BD00043B37 /* Person.m */,
			);
			path = _1.1_base;
			sourceTree = "<group>";
		};
		28E9738F2583873200043B37 /* _1_class */ = {
			isa = PBXGroup;
			children = (
				28E9738B258348FD00043B37 /* _1.1_base */,
				28E9739025838C9200043B37 /* _1.13_dot */,
				28D2F57725877E6B00932A1C /* _1.14_category */,
			);
			path = _1_class;
			sourceTree = "<group>";
		};
		28E9739025838C9200043B37 /* _1.13_dot */ = {
			isa = PBXGroup;
			children = (
				28E973992583929200043B37 /* Person2.m */,
			);
			path = _1.13_dot;
			sourceTree = "<group>";
		};
		28F6054C2571155A007DD7DD = {
			isa = PBXGroup;
			children = (
				28F605572571155A007DD7DD /* test-Object-C */,
				28F605562571155A007DD7DD /* Products */,
			);
			sourceTree = "<group>";
		};
		28F605562571155A007DD7DD /* Products */ = {
			isa = PBXGroup;
			children = (
				28F605552571155A007DD7DD /* test-Object-C */,
			);
			name = Products;
			sourceTree = "<group>";
		};
		28F605572571155A007DD7DD /* test-Object-C */ = {
			isa = PBXGroup;
			children = (
				28F7A237258CAECA00107F6A /* _6_NSIndexSet */,
				28F7A234258CAAFA00107F6A /* _5_NSNumber */,
				28F7A22D258C998A00107F6A /* _4_NSDictionary */,
				28F7A227258B779D00107F6A /* _3_NSArray */,
				28E9738F2583873200043B37 /* _1_class */,
				28D2F58E25878F1B00932A1C /* _2_NSString */,
			);
			path = "test-Object-C";
			sourceTree = "<group>";
		};
		28F7A227258B779D00107F6A /* _3_NSArray */ = {
			isa = PBXGroup;
			children = (
				28F7A22B258B7FD200107F6A /* main_mutable.m */,
				28F7A228258B782C00107F6A /* main.m */,
			);
			path = _3_NSArray;
			sourceTree = "<group>";
		};
		28F7A22D258C998A00107F6A /* _4_NSDictionary */ = {
			isa = PBXGroup;
			children = (
				28F7A232258C9B5700107F6A /* main_mutable.m */,
				28F7A22E258C99AB00107F6A /* main.m */,
			);
			path = _4_NSDictionary;
			sourceTree = "<group>";
		};
		28F7A234258CAAFA00107F6A /* _5_NSNumber */ = {
			isa = PBXGroup;
			children = (
				28F7A235258CAB0900107F6A /* main.m */,
			);
			path = _5_NSNumber;
			sourceTree = "<group>";
		};
		28F7A237258CAECA00107F6A /* _6_NSIndexSet */ = {
			isa = PBXGroup;
			children = (
				28F7A238258CAED600107F6A /* main.m */,
				286DCECD258CB1E700148706 /* main_mutable.m */,
			);
			path = _6_NSIndexSet;
			sourceTree = "<group>";
		};
/* End PBXGroup section */

/* Begin PBXNativeTarget section */
		28F605542571155A007DD7DD /* test-Object-C */ = {
			isa = PBXNativeTarget;
			buildConfigurationList = 28F6055C2571155A007DD7DD /* Build configuration list for PBXNativeTarget "test-Object-C" */;
			buildPhases = (
				28F605512571155A007DD7DD /* Sources */,
				28F605522571155A007DD7DD /* Frameworks */,
				28F605532571155A007DD7DD /* CopyFiles */,
			);
			buildRules = (
			);
			dependencies = (
			);
			name = "test-Object-C";
			productName = "test-Object-C";
			productReference = 28F605552571155A007DD7DD /* test-Object-C */;
			productType = "com.apple.product-type.tool";
		};
/* End PBXNativeTarget section */

/* Begin PBXProject section */
		28F6054D2571155A007DD7DD /* Project object */ = {
			isa = PBXProject;
			attributes = {
				LastUpgradeCheck = 1030;
				ORGANIZATIONNAME = hades;
				TargetAttributes = {
					28F605542571155A007DD7DD = {
						CreatedOnToolsVersion = 10.3;
					};
				};
			};
			buildConfigurationList = 28F605502571155A007DD7DD /* Build configuration list for PBXProject "test-Object-C" */;
			compatibilityVersion = "Xcode 9.3";
			developmentRegion = en;
			hasScannedForEncodings = 0;
			knownRegions = (
				en,
			);
			mainGroup = 28F6054C2571155A007DD7DD;
			productRefGroup = 28F605562571155A007DD7DD /* Products */;
			projectDirPath = "";
			projectRoot = "";
			targets = (
				28F605542571155A007DD7DD /* test-Object-C */,
			);
		};
/* End PBXProject section */

/* Begin PBXSourcesBuildPhase section */
		28F605512571155A007DD7DD /* Sources */ = {
			isa = PBXSourcesBuildPhase;
			buildActionMask = 2147483647;
			files = (
				28F7A233258C9B5700107F6A /* main_mutable.m in Sources */,
				28D2F57B25877F6000932A1C /* Car.m in Sources */,
				28E9739A2583929200043B37 /* Person2.m in Sources */,
				28D2F58D258787A000932A1C /* Car+CarExtend.m in Sources */,
				28E9738E258349BD00043B37 /* Person.m in Sources */,
				28D2F5812587801E00932A1C /* BlackCar.m in Sources */,
				28D2F5842587824B00932A1C /* main.m in Sources */,
				286DCECE258CB1E700148706 /* main_mutable.m in Sources */,
				28D2F59025878F3300932A1C /* main.m in Sources */,
				28F550F2258A31CB00FF63A0 /* main_mutable.m in Sources */,
				28F7A229258B782C00107F6A /* main.m in Sources */,
				28F7A239258CAED600107F6A /* main.m in Sources */,
				28F7A22C258B7FD200107F6A /* main_mutable.m in Sources */,
				28F7A22F258C99AB00107F6A /* main.m in Sources */,
				28F7A236258CAB0900107F6A /* main.m in Sources */,
				28F605592571155A007DD7DD /* main.m in Sources */,
			);
			runOnlyForDeploymentPostprocessing = 0;
		};
/* End PBXSourcesBuildPhase section */

/* Begin XCBuildConfiguration section */
		28F6055A2571155A007DD7DD /* Debug */ = {
			isa = XCBuildConfiguration;
			buildSettings = {
				ALWAYS_SEARCH_USER_PATHS = NO;
				CLANG_ANALYZER_NONNULL = YES;
				CLANG_ANALYZER_NUMBER_OBJECT_CONVERSION = YES_AGGRESSIVE;
				CLANG_CXX_LANGUAGE_STANDARD = "gnu++14";
				CLANG_CXX_LIBRARY = "libc++";
				CLANG_ENABLE_MODULES = YES;
				CLANG_ENABLE_OBJC_ARC = YES;
				CLANG_ENABLE_OBJC_WEAK = YES;
				CLANG_WARN_BLOCK_CAPTURE_AUTORELEASING = YES;
				CLANG_WARN_BOOL_CONVERSION = YES;
				CLANG_WARN_COMMA = YES;
				CLANG_WARN_CONSTANT_CONVERSION = YES;
				CLANG_WARN_DEPRECATED_OBJC_IMPLEMENTATIONS = YES;
				CLANG_WARN_DIRECT_OBJC_ISA_USAGE = YES_ERROR;
				CLANG_WARN_DOCUMENTATION_COMMENTS = YES;
				CLANG_WARN_EMPTY_BODY = YES;
				CLANG_WARN_ENUM_CONVERSION = YES;
				CLANG_WARN_INFINITE_RECURSION = YES;
				CLANG_WARN_INT_CONVERSION = YES;
				CLANG_WARN_NON_LITERAL_NULL_CONVERSION = YES;
				CLANG_WARN_OBJC_IMPLICIT_RETAIN_SELF = YES;
				CLANG_WARN_OBJC_LITERAL_CONVERSION = YES;
				CLANG_WARN_OBJC_ROOT_CLASS = YES_ERROR;
				CLANG_WARN_RANGE_LOOP_ANALYSIS = YES;
				CLANG_WARN_STRICT_PROTOTYPES = YES;
				CLANG_WARN_SUSPICIOUS_MOVE = YES;
				CLANG_WARN_UNGUARDED_AVAILABILITY = YES_AGGRESSIVE;
				CLANG_WARN_UNREACHABLE_CODE = YES;
				CLANG_WARN__DUPLICATE_METHOD_MATCH = YES;
				CODE_SIGN_IDENTITY = "Mac Developer";
				COPY_PHASE_STRIP = NO;
				DEBUG_INFORMATION_FORMAT = dwarf;
				ENABLE_STRICT_OBJC_MSGSEND = YES;
				ENABLE_TESTABILITY = YES;
				GCC_C_LANGUAGE_STANDARD = gnu11;
				GCC_DYNAMIC_NO_PIC = NO;
				GCC_NO_COMMON_BLOCKS = YES;
				GCC_OPTIMIZATION_LEVEL = 0;
				GCC_PREPROCESSOR_DEFINITIONS = (
					"DEBUG=1",
					"$(inherited)",
				);
				GCC_WARN_64_TO_32_BIT_CONVERSION = YES;
				GCC_WARN_ABOUT_RETURN_TYPE = YES_ERROR;
				GCC_WARN_UNDECLARED_SELECTOR = YES;
				GCC_WARN_UNINITIALIZED_AUTOS = YES_AGGRESSIVE;
				GCC_WARN_UNUSED_FUNCTION = YES;
				GCC_WARN_UNUSED_VARIABLE = YES;
				MACOSX_DEPLOYMENT_TARGET = 10.14;
				MTL_ENABLE_DEBUG_INFO = INCLUDE_SOURCE;
				MTL_FAST_MATH = YES;
				ONLY_ACTIVE_ARCH = YES;
				SDKROOT = macosx;
			};
			name = Debug;
		};
		28F6055B2571155A007DD7DD /* Release */ = {
			isa = XCBuildConfiguration;
			buildSettings = {
				ALWAYS_SEARCH_USER_PATHS = NO;
				CLANG_ANALYZER_NONNULL = YES;
				CLANG_ANALYZER_NUMBER_OBJECT_CONVERSION = YES_AGGRESSIVE;
				CLANG_CXX_LANGUAGE_STANDARD = "gnu++14";
				CLANG_CXX_LIBRARY = "libc++";
				CLANG_ENABLE_MODULES = YES;
				CLANG_ENABLE_OBJC_ARC = YES;
				CLANG_ENABLE_OBJC_WEAK = YES;
				CLANG_WARN_BLOCK_CAPTURE_AUTORELEASING = YES;
				CLANG_WARN_BOOL_CONVERSION = YES;
				CLANG_WARN_COMMA = YES;
				CLANG_WARN_CONSTANT_CONVERSION = YES;
				CLANG_WARN_DEPRECATED_OBJC_IMPLEMENTATIONS = YES;
				CLANG_WARN_DIRECT_OBJC_ISA_USAGE = YES_ERROR;
				CLANG_WARN_DOCUMENTATION_COMMENTS = YES;
				CLANG_WARN_EMPTY_BODY = YES;
				CLANG_WARN_ENUM_CONVERSION = YES;
				CLANG_WARN_INFINITE_RECURSION = YES;
				CLANG_WARN_INT_CONVERSION = YES;
				CLANG_WARN_NON_LITERAL_NULL_CONVERSION = YES;
				CLANG_WARN_OBJC_IMPLICIT_RETAIN_SELF = YES;
				CLANG_WARN_OBJC_LITERAL_CONVERSION = YES;
				CLANG_WARN_OBJC_ROOT_CLASS = YES_ERROR;
				CLANG_WARN_RANGE_LOOP_ANALYSIS = YES;
				CLANG_WARN_STRICT_PROTOTYPES = YES;
				CLANG_WARN_SUSPICIOUS_MOVE = YES;
				CLANG_WARN_UNGUARDED_AVAILABILITY = YES_AGGRESSIVE;
				CLANG_WARN_UNREACHABLE_CODE = YES;
				CLANG_WARN__DUPLICATE_METHOD_MATCH = YES;
				CODE_SIGN_IDENTITY = "Mac Developer";
				COPY_PHASE_STRIP = NO;
				DEBUG_INFORMATION_FORMAT = "dwarf-with-dsym";
				ENABLE_NS_ASSERTIONS = NO;
				ENABLE_STRICT_OBJC_MSGSEND = YES;
				GCC_C_LANGUAGE_STANDARD = gnu11;
				GCC_NO_COMMON_BLOCKS = YES;
				GCC_WARN_64_TO_32_BIT_CONVERSION = YES;
				GCC_WARN_ABOUT_RETURN_TYPE = YES_ERROR;
				GCC_WARN_UNDECLARED_SELECTOR = YES;
				GCC_WARN_UNINITIALIZED_AUTOS = YES_AGGRESSIVE;
				GCC_WARN_UNUSED_FUNCTION = YES;
				GCC_WARN_UNUSED_VARIABLE = YES;
				MACOSX_DEPLOYMENT_TARGET = 10.14;
				MTL_ENABLE_DEBUG_INFO = NO;
				MTL_FAST_MATH = YES;
				SDKROOT = macosx;
			};
			name = Release;
		};
		28F6055D2571155A007DD7DD /* Debug */ = {
			isa = XCBuildConfiguration;
			buildSettings = {
				CODE_SIGN_STYLE = Automatic;
				DEVELOPMENT_TEAM = VZYZW6949U;
				PRODUCT_NAME = "$(TARGET_NAME)";
			};
			name = Debug;
		};
		28F6055E2571155A007DD7DD /* Release */ = {
			isa = XCBuildConfiguration;
			buildSettings = {
				CODE_SIGN_STYLE = Automatic;
				DEVELOPMENT_TEAM = VZYZW6949U;
				PRODUCT_NAME = "$(TARGET_NAME)";
			};
			name = Release;
		};
/* End XCBuildConfiguration section */

/* Begin XCConfigurationList section */
		28F605502571155A007DD7DD /* Build configuration list for PBXProject "test-Object-C" */ = {
			isa = XCConfigurationList;
			buildConfigurations = (
				28F6055A2571155A007DD7DD /* Debug */,
				28F6055B2571155A007DD7DD /* Release */,
			);
			defaultConfigurationIsVisible = 0;
			defaultConfigurationName = Release;
		};
		28F6055C2571155A007DD7DD /* Build configuration list for PBXNativeTarget "test-Object-C" */ = {
			isa = XCConfigurationList;
			buildConfigurations = (
				28F6055D2571155A007DD7DD /* Debug */,
				28F6055E2571155A007DD7DD /* Release */,
			);
			defaultConfigurationIsVisible = 0;
			defaultConfigurationName = Release;
		};
/* End XCConfigurationList section */
	};
	rootObject = 28F6054D2571155A007DD7DD /* Project object */;
}
