// !$*UTF8*$!
{
	archiveVersion = 1;
	classes = {
	};
	objectVersion = 50;
	objects = {

/* Begin PBXBuildFile section */
		2811D68B2689B0C100EA65A1 /* Fraction.m in Sources */ = {isa = PBXBuildFile; fileRef = 2811D68A2689B0C100EA65A1 /* Fraction.m */; };
		2811D68D2689B54300EA65A1 /* Fraction_main.m in Sources */ = {isa = PBXBuildFile; fileRef = 2811D68C2689B54300EA65A1 /* Fraction_main.m */; };
		2811D690268A989700EA65A1 /* _3_1_main_4_basic_data_type.m in Sources */ = {isa = PBXBuildFile; fileRef = 2811D68F268A989700EA65A1 /* _3_1_main_4_basic_data_type.m */; };
		2813A0E5269DB9DE0062F9AF /* _2_6_main.m in Sources */ = {isa = PBXBuildFile; fileRef = 2813A0E4269DB9DE0062F9AF /* _2_6_main.m */; };
		2813A0E8269DBB470062F9AF /* Square_2.m in Sources */ = {isa = PBXBuildFile; fileRef = 2813A0E7269DBB470062F9AF /* Square_2.m */; };
		2813A0EB269DC35D0062F9AF /* _12_main_for_define.m in Sources */ = {isa = PBXBuildFile; fileRef = 2813A0EA269DC35D0062F9AF /* _12_main_for_define.m */; };
		282997362694A096008233D5 /* _3_3_main_4_global.m in Sources */ = {isa = PBXBuildFile; fileRef = 282997352694A096008233D5 /* _3_3_main_4_global.m */; };
		2833B7B5268D3E7C000A4CF1 /* _4_main_for_expression.m in Sources */ = {isa = PBXBuildFile; fileRef = 2833B7B4268D3E7C000A4CF1 /* _4_main_for_expression.m */; };
		2833B7B7268D6921000A4CF1 /* _5_loop_for.m in Sources */ = {isa = PBXBuildFile; fileRef = 2833B7B6268D6921000A4CF1 /* _5_loop_for.m */; };
		2833B7BA268D8C1E000A4CF1 /* _5_loop_while.m in Sources */ = {isa = PBXBuildFile; fileRef = 2833B7B9268D8C1E000A4CF1 /* _5_loop_while.m */; };
		2833B7BC268D8F62000A4CF1 /* _5_loop_do.m in Sources */ = {isa = PBXBuildFile; fileRef = 2833B7BB268D8F62000A4CF1 /* _5_loop_do.m */; };
		2833B7BE268D929C000A4CF1 /* _5_break.m in Sources */ = {isa = PBXBuildFile; fileRef = 2833B7BD268D929C000A4CF1 /* _5_break.m */; };
		2833B7C0268D92B4000A4CF1 /* _5_loop_continue.m in Sources */ = {isa = PBXBuildFile; fileRef = 2833B7BF268D92B4000A4CF1 /* _5_loop_continue.m */; };
		2833B7C3268E81AE000A4CF1 /* _6_condition_if.m in Sources */ = {isa = PBXBuildFile; fileRef = 2833B7C2268E81AE000A4CF1 /* _6_condition_if.m */; };
		285591E826949F29002E2D12 /* Foo.m in Sources */ = {isa = PBXBuildFile; fileRef = 285591E726949F29002E2D12 /* Foo.m */; };
		286C15712692C57F00903309 /* ClassA.m in Sources */ = {isa = PBXBuildFile; fileRef = 286C15702692C57F00903309 /* ClassA.m */; };
		286C15742692C69F00903309 /* ClassB.m in Sources */ = {isa = PBXBuildFile; fileRef = 286C15732692C69F00903309 /* ClassB.m */; };
		286C15762692C6E500903309 /* 2_4_main.m in Sources */ = {isa = PBXBuildFile; fileRef = 286C15752692C6E500903309 /* 2_4_main.m */; };
		286C15792692CB9C00903309 /* Rectangle.m in Sources */ = {isa = PBXBuildFile; fileRef = 286C15782692CB9C00903309 /* Rectangle.m */; };
		286C157B2692CC5400903309 /* _2_4_main_4_Rectangle.m in Sources */ = {isa = PBXBuildFile; fileRef = 286C157A2692CC5400903309 /* _2_4_main_4_Rectangle.m */; };
		286C157E2692CD8A00903309 /* Square.m in Sources */ = {isa = PBXBuildFile; fileRef = 286C157D2692CD8A00903309 /* Square.m */; };
		286C15802692CE5D00903309 /* _2_4_main_4_Square.m in Sources */ = {isa = PBXBuildFile; fileRef = 286C157F2692CE5D00903309 /* _2_4_main_4_Square.m */; };
		286C15832692DC7300903309 /* XYPoint.m in Sources */ = {isa = PBXBuildFile; fileRef = 286C15822692DC7300903309 /* XYPoint.m */; };
		287E504A2695123B00B005F7 /* _3_3_main_4_static.m in Sources */ = {isa = PBXBuildFile; fileRef = 287E50492695123B00B005F7 /* _3_3_main_4_static.m */; };
		287E504D26951E9900B005F7 /* _3_4_main.m in Sources */ = {isa = PBXBuildFile; fileRef = 287E504C26951E9900B005F7 /* _3_4_main.m */; };
		2885382C2693385B00C92956 /* Complex.m in Sources */ = {isa = PBXBuildFile; fileRef = 2885382B2693385B00C92956 /* Complex.m */; };
		2885382E2693392200C92956 /* _2_4_main.m in Sources */ = {isa = PBXBuildFile; fileRef = 2885382D2693392200C92956 /* _2_4_main.m */; };
		288538312693CDB400C92956 /* _2_5_main_4_ dynamic_type.m in Sources */ = {isa = PBXBuildFile; fileRef = 288538302693CDB400C92956 /* _2_5_main_4_ dynamic_type.m */; };
		288538332693CDFC00C92956 /* _2_5_main_4_ check_dynamic_type.m in Sources */ = {isa = PBXBuildFile; fileRef = 288538322693CDFC00C92956 /* _2_5_main_4_ check_dynamic_type.m */; };
		288538362693D25F00C92956 /* _7_1_main_4_crash.m in Sources */ = {isa = PBXBuildFile; fileRef = 288538352693D25F00C92956 /* _7_1_main_4_crash.m */; };
		28853838269410B600C92956 /* _7_2_main_4_try_catch.m in Sources */ = {isa = PBXBuildFile; fileRef = 28853837269410B600C92956 /* _7_2_main_4_try_catch.m */; };
		2885383D269416ED00C92956 /* 3_2_main_for_object_init.m in Sources */ = {isa = PBXBuildFile; fileRef = 2885383B269416ED00C92956 /* 3_2_main_for_object_init.m */; };
		2885383E269416ED00C92956 /* Fraction_3.m in Sources */ = {isa = PBXBuildFile; fileRef = 2885383C269416ED00C92956 /* Fraction_3.m */; };
		28A188DC269C70040082E715 /* _11_main_4_category.m in Sources */ = {isa = PBXBuildFile; fileRef = 28A188DB269C70040082E715 /* _11_main_4_category.m */; };
		28A188E1269C78030082E715 /* _11_main_4_class_extensions.m in Sources */ = {isa = PBXBuildFile; fileRef = 28A188E0269C78030082E715 /* _11_main_4_class_extensions.m */; };
		28A29499269C808200423E63 /* _10_main.m in Sources */ = {isa = PBXBuildFile; fileRef = 28A29498269C808200423E63 /* _10_main.m */; };
		28BDC0F2269C064B00B0E2C2 /* MathOps.m in Sources */ = {isa = PBXBuildFile; fileRef = 28BDC0F1269C064B00B0E2C2 /* MathOps.m */; };
		28CDE031268EB7F1003ADE3D /* _6_condition_switch.m in Sources */ = {isa = PBXBuildFile; fileRef = 28CDE030268EB7F1003ADE3D /* _6_condition_switch.m */; };
		28CDE033268EB830003ADE3D /* _6_condition_Boolean.m in Sources */ = {isa = PBXBuildFile; fileRef = 28CDE032268EB830003ADE3D /* _6_condition_Boolean.m */; };
		28CDE035268ECA7C003ADE3D /* _6_conditional_operator.m in Sources */ = {isa = PBXBuildFile; fileRef = 28CDE034268ECA7C003ADE3D /* _6_conditional_operator.m */; };
		28CDE03C268ED26D003ADE3D /* Fraction_2.m in Sources */ = {isa = PBXBuildFile; fileRef = 28CDE03B268ED26D003ADE3D /* Fraction_2.m */; };
		28CDE03E268ED3B4003ADE3D /* Fraction_2_main.m in Sources */ = {isa = PBXBuildFile; fileRef = 28CDE03D268ED3B4003ADE3D /* Fraction_2_main.m */; };
		28D0F9F82695AB5A00C5F5B1 /* _3_5_main_for_typedef.m in Sources */ = {isa = PBXBuildFile; fileRef = 28D0F9F72695AB5A00C5F5B1 /* _3_5_main_for_typedef.m */; };
		28D0F9FB2695BC3A00C5F5B1 /* _4_main_for_byte_operator.m in Sources */ = {isa = PBXBuildFile; fileRef = 28D0F9FA2695BC3A00C5F5B1 /* _4_main_for_byte_operator.m */; };
		28D0F9FF269C02F800C5F5B1 /* Fraction_4.m in Sources */ = {isa = PBXBuildFile; fileRef = 28D0F9FE269C02F800C5F5B1 /* Fraction_4.m */; };
		28D4DE19269D064300AA6F40 /* Car.m in Sources */ = {isa = PBXBuildFile; fileRef = 28D4DE18269D064300AA6F40 /* Car.m */; };
		28D9525B268607E100B833B7 /* _1_first_app.m in Sources */ = {isa = PBXBuildFile; fileRef = 28D9525A268607E100B833B7 /* _1_first_app.m */; };
/* End PBXBuildFile section */

/* Begin PBXCopyFilesBuildPhase section */
		28D95255268607E100B833B7 /* CopyFiles */ = {
			isa = PBXCopyFilesBuildPhase;
			buildActionMask = 2147483647;
			dstPath = /usr/share/man/man1/;
			dstSubfolderSpec = 0;
			files = (
			);
			runOnlyForDeploymentPostprocessing = 1;
		};
/* End PBXCopyFilesBuildPhase section */

/* Begin PBXFileReference section */
		2811D6892689AFFC00EA65A1 /* Fraction.h */ = {isa = PBXFileReference; lastKnownFileType = sourcecode.c.h; path = Fraction.h; sourceTree = "<group>"; };
		2811D68A2689B0C100EA65A1 /* Fraction.m */ = {isa = PBXFileReference; lastKnownFileType = sourcecode.c.objc; path = Fraction.m; sourceTree = "<group>"; };
		2811D68C2689B54300EA65A1 /* Fraction_main.m */ = {isa = PBXFileReference; lastKnownFileType = sourcecode.c.objc; path = Fraction_main.m; sourceTree = "<group>"; };
		2811D68F268A989700EA65A1 /* _3_1_main_4_basic_data_type.m */ = {isa = PBXFileReference; lastKnownFileType = sourcecode.c.objc; path = _3_1_main_4_basic_data_type.m; sourceTree = "<group>"; };
		2813A0E3269DB9200062F9AF /* Square_2.h */ = {isa = PBXFileReference; lastKnownFileType = sourcecode.c.h; path = Square_2.h; sourceTree = "<group>"; };
		2813A0E4269DB9DE0062F9AF /* _2_6_main.m */ = {isa = PBXFileReference; lastKnownFileType = sourcecode.c.objc; path = _2_6_main.m; sourceTree = "<group>"; };
		2813A0E7269DBB470062F9AF /* Square_2.m */ = {isa = PBXFileReference; lastKnownFileType = sourcecode.c.objc; path = Square_2.m; sourceTree = "<group>"; };
		2813A0EA269DC35D0062F9AF /* _12_main_for_define.m */ = {isa = PBXFileReference; lastKnownFileType = sourcecode.c.objc; path = _12_main_for_define.m; sourceTree = "<group>"; };
		282997352694A096008233D5 /* _3_3_main_4_global.m */ = {isa = PBXFileReference; lastKnownFileType = sourcecode.c.objc; path = _3_3_main_4_global.m; sourceTree = "<group>"; };
		2833B7B4268D3E7C000A4CF1 /* _4_main_for_expression.m */ = {isa = PBXFileReference; lastKnownFileType = sourcecode.c.objc; path = _4_main_for_expression.m; sourceTree = "<group>"; };
		2833B7B6268D6921000A4CF1 /* _5_loop_for.m */ = {isa = PBXFileReference; lastKnownFileType = sourcecode.c.objc; path = _5_loop_for.m; sourceTree = "<group>"; };
		2833B7B9268D8C1E000A4CF1 /* _5_loop_while.m */ = {isa = PBXFileReference; lastKnownFileType = sourcecode.c.objc; path = _5_loop_while.m; sourceTree = "<group>"; };
		2833B7BB268D8F62000A4CF1 /* _5_loop_do.m */ = {isa = PBXFileReference; lastKnownFileType = sourcecode.c.objc; path = _5_loop_do.m; sourceTree = "<group>"; };
		2833B7BD268D929C000A4CF1 /* _5_break.m */ = {isa = PBXFileReference; lastKnownFileType = sourcecode.c.objc; path = _5_break.m; sourceTree = "<group>"; };
		2833B7BF268D92B4000A4CF1 /* _5_loop_continue.m */ = {isa = PBXFileReference; lastKnownFileType = sourcecode.c.objc; path = _5_loop_continue.m; sourceTree = "<group>"; };
		2833B7C2268E81AE000A4CF1 /* _6_condition_if.m */ = {isa = PBXFileReference; lastKnownFileType = sourcecode.c.objc; path = _6_condition_if.m; sourceTree = "<group>"; };
		285591E426949E37002E2D12 /* Foo.h */ = {isa = PBXFileReference; lastKnownFileType = sourcecode.c.h; path = Foo.h; sourceTree = "<group>"; };
		285591E726949F29002E2D12 /* Foo.m */ = {isa = PBXFileReference; lastKnownFileType = sourcecode.c.objc; path = Foo.m; sourceTree = "<group>"; };
		286C156F2692B84D00903309 /* ClassA.h */ = {isa = PBXFileReference; lastKnownFileType = sourcecode.c.h; path = ClassA.h; sourceTree = "<group>"; };
		286C15702692C57F00903309 /* ClassA.m */ = {isa = PBXFileReference; lastKnownFileType = sourcecode.c.objc; path = ClassA.m; sourceTree = "<group>"; };
		286C15722692C64000903309 /* ClassB.h */ = {isa = PBXFileReference; lastKnownFileType = sourcecode.c.h; path = ClassB.h; sourceTree = "<group>"; };
		286C15732692C69F00903309 /* ClassB.m */ = {isa = PBXFileReference; lastKnownFileType = sourcecode.c.objc; path = ClassB.m; sourceTree = "<group>"; };
		286C15752692C6E500903309 /* 2_4_main.m */ = {isa = PBXFileReference; lastKnownFileType = sourcecode.c.objc; path = 2_4_main.m; sourceTree = "<group>"; };
		286C15772692CAE100903309 /* Rectangle.h */ = {isa = PBXFileReference; lastKnownFileType = sourcecode.c.h; path = Rectangle.h; sourceTree = "<group>"; };
		286C15782692CB9C00903309 /* Rectangle.m */ = {isa = PBXFileReference; lastKnownFileType = sourcecode.c.objc; path = Rectangle.m; sourceTree = "<group>"; };
		286C157A2692CC5400903309 /* _2_4_main_4_Rectangle.m */ = {isa = PBXFileReference; lastKnownFileType = sourcecode.c.objc; path = _2_4_main_4_Rectangle.m; sourceTree = "<group>"; };
		286C157C2692CD2F00903309 /* Square.h */ = {isa = PBXFileReference; lastKnownFileType = sourcecode.c.h; path = Square.h; sourceTree = "<group>"; };
		286C157D2692CD8A00903309 /* Square.m */ = {isa = PBXFileReference; lastKnownFileType = sourcecode.c.objc; path = Square.m; sourceTree = "<group>"; };
		286C157F2692CE5D00903309 /* _2_4_main_4_Square.m */ = {isa = PBXFileReference; lastKnownFileType = sourcecode.c.objc; path = _2_4_main_4_Square.m; sourceTree = "<group>"; };
		286C15812692DC0E00903309 /* XYPoint.h */ = {isa = PBXFileReference; lastKnownFileType = sourcecode.c.h; path = XYPoint.h; sourceTree = "<group>"; };
		286C15822692DC7300903309 /* XYPoint.m */ = {isa = PBXFileReference; lastKnownFileType = sourcecode.c.objc; path = XYPoint.m; sourceTree = "<group>"; };
		287E50492695123B00B005F7 /* _3_3_main_4_static.m */ = {isa = PBXFileReference; lastKnownFileType = sourcecode.c.objc; path = _3_3_main_4_static.m; sourceTree = "<group>"; };
		287E504C26951E9900B005F7 /* _3_4_main.m */ = {isa = PBXFileReference; lastKnownFileType = sourcecode.c.objc; path = _3_4_main.m; sourceTree = "<group>"; };
		2885382A269337AC00C92956 /* Complex.h */ = {isa = PBXFileReference; lastKnownFileType = sourcecode.c.h; path = Complex.h; sourceTree = "<group>"; };
		2885382B2693385B00C92956 /* Complex.m */ = {isa = PBXFileReference; lastKnownFileType = sourcecode.c.objc; path = Complex.m; sourceTree = "<group>"; };
		2885382D2693392200C92956 /* _2_4_main.m */ = {isa = PBXFileReference; lastKnownFileType = sourcecode.c.objc; path = _2_4_main.m; sourceTree = "<group>"; };
		288538302693CDB400C92956 /* _2_5_main_4_ dynamic_type.m */ = {isa = PBXFileReference; lastKnownFileType = sourcecode.c.objc; path = "_2_5_main_4_ dynamic_type.m"; sourceTree = "<group>"; };
		288538322693CDFC00C92956 /* _2_5_main_4_ check_dynamic_type.m */ = {isa = PBXFileReference; lastKnownFileType = sourcecode.c.objc; path = "_2_5_main_4_ check_dynamic_type.m"; sourceTree = "<group>"; };
		288538352693D25F00C92956 /* _7_1_main_4_crash.m */ = {isa = PBXFileReference; lastKnownFileType = sourcecode.c.objc; path = _7_1_main_4_crash.m; sourceTree = "<group>"; };
		28853837269410B600C92956 /* _7_2_main_4_try_catch.m */ = {isa = PBXFileReference; lastKnownFileType = sourcecode.c.objc; path = _7_2_main_4_try_catch.m; sourceTree = "<group>"; };
		2885383A269416ED00C92956 /* Fraction_3_.h */ = {isa = PBXFileReference; fileEncoding = 4; lastKnownFileType = sourcecode.c.h; path = Fraction_3_.h; sourceTree = "<group>"; };
		2885383B269416ED00C92956 /* 3_2_main_for_object_init.m */ = {isa = PBXFileReference; fileEncoding = 4; lastKnownFileType = sourcecode.c.objc; path = 3_2_main_for_object_init.m; sourceTree = "<group>"; };
		2885383C269416ED00C92956 /* Fraction_3.m */ = {isa = PBXFileReference; fileEncoding = 4; lastKnownFileType = sourcecode.c.objc; path = Fraction_3.m; sourceTree = "<group>"; };
		28A188DB269C70040082E715 /* _11_main_4_category.m */ = {isa = PBXFileReference; lastKnownFileType = sourcecode.c.objc; path = _11_main_4_category.m; sourceTree = "<group>"; };
		28A188DD269C76450082E715 /* GraphicObject.h */ = {isa = PBXFileReference; lastKnownFileType = sourcecode.c.h; path = GraphicObject.h; sourceTree = "<group>"; };
		28A188E0269C78030082E715 /* _11_main_4_class_extensions.m */ = {isa = PBXFileReference; lastKnownFileType = sourcecode.c.objc; path = _11_main_4_class_extensions.m; sourceTree = "<group>"; };
		28A188E3269C7F380082E715 /* Car.h */ = {isa = PBXFileReference; lastKnownFileType = sourcecode.c.h; path = Car.h; sourceTree = "<group>"; };
		28A188E4269C7F840082E715 /* RunProtocol.h */ = {isa = PBXFileReference; lastKnownFileType = sourcecode.c.h; path = RunProtocol.h; sourceTree = "<group>"; };
		28A188E5269C7FE10082E715 /* ToolProtocol.h */ = {isa = PBXFileReference; lastKnownFileType = sourcecode.c.h; path = ToolProtocol.h; sourceTree = "<group>"; };
		28A29498269C808200423E63 /* _10_main.m */ = {isa = PBXFileReference; lastKnownFileType = sourcecode.c.objc; path = _10_main.m; sourceTree = "<group>"; };
		28BDC0F1269C064B00B0E2C2 /* MathOps.m */ = {isa = PBXFileReference; lastKnownFileType = sourcecode.c.objc; path = MathOps.m; sourceTree = "<group>"; };
		28CDE030268EB7F1003ADE3D /* _6_condition_switch.m */ = {isa = PBXFileReference; lastKnownFileType = sourcecode.c.objc; path = _6_condition_switch.m; sourceTree = "<group>"; };
		28CDE032268EB830003ADE3D /* _6_condition_Boolean.m */ = {isa = PBXFileReference; lastKnownFileType = sourcecode.c.objc; path = _6_condition_Boolean.m; sourceTree = "<group>"; };
		28CDE034268ECA7C003ADE3D /* _6_conditional_operator.m */ = {isa = PBXFileReference; lastKnownFileType = sourcecode.c.objc; path = _6_conditional_operator.m; sourceTree = "<group>"; };
		28CDE03A268ED188003ADE3D /* Fraction_2.h */ = {isa = PBXFileReference; lastKnownFileType = sourcecode.c.h; path = Fraction_2.h; sourceTree = "<group>"; };
		28CDE03B268ED26D003ADE3D /* Fraction_2.m */ = {isa = PBXFileReference; lastKnownFileType = sourcecode.c.objc; path = Fraction_2.m; sourceTree = "<group>"; };
		28CDE03D268ED3B4003ADE3D /* Fraction_2_main.m */ = {isa = PBXFileReference; lastKnownFileType = sourcecode.c.objc; path = Fraction_2_main.m; sourceTree = "<group>"; };
		28D0F9F72695AB5A00C5F5B1 /* _3_5_main_for_typedef.m */ = {isa = PBXFileReference; lastKnownFileType = sourcecode.c.objc; path = _3_5_main_for_typedef.m; sourceTree = "<group>"; };
		28D0F9FA2695BC3A00C5F5B1 /* _4_main_for_byte_operator.m */ = {isa = PBXFileReference; lastKnownFileType = sourcecode.c.objc; path = _4_main_for_byte_operator.m; sourceTree = "<group>"; };
		28D0F9FD269C02C600C5F5B1 /* Fraction_4.h */ = {isa = PBXFileReference; lastKnownFileType = sourcecode.c.h; path = Fraction_4.h; sourceTree = "<group>"; };
		28D0F9FE269C02F800C5F5B1 /* Fraction_4.m */ = {isa = PBXFileReference; lastKnownFileType = sourcecode.c.objc; path = Fraction_4.m; sourceTree = "<group>"; };
		28D0FA00269C058100C5F5B1 /* MathOps.h */ = {isa = PBXFileReference; lastKnownFileType = sourcecode.c.h; path = MathOps.h; sourceTree = "<group>"; };
		28D4DE18269D064300AA6F40 /* Car.m */ = {isa = PBXFileReference; lastKnownFileType = sourcecode.c.objc; path = Car.m; sourceTree = "<group>"; };
		28D95257268607E100B833B7 /* test-Object-C */ = {isa = PBXFileReference; explicitFileType = "compiled.mach-o.executable"; includeInIndex = 0; path = "test-Object-C"; sourceTree = BUILT_PRODUCTS_DIR; };
		28D9525A268607E100B833B7 /* _1_first_app.m */ = {isa = PBXFileReference; lastKnownFileType = sourcecode.c.objc; path = _1_first_app.m; sourceTree = "<group>"; };
/* End PBXFileReference section */

/* Begin PBXFrameworksBuildPhase section */
		28D95254268607E100B833B7 /* Frameworks */ = {
			isa = PBXFrameworksBuildPhase;
			buildActionMask = 2147483647;
			files = (
			);
			runOnlyForDeploymentPostprocessing = 0;
		};
/* End PBXFrameworksBuildPhase section */

/* Begin PBXGroup section */
		2811D6872689AE6200EA65A1 /* _2_class */ = {
			isa = PBXGroup;
			children = (
				2813A0E2269DB8E70062F9AF /* _2_6_composite_class */,
				2885382F2693CD8A00C92956 /* _2_5_ dynamic_type */,
				288538292693342D00C92956 /* _2_4_polymorphism */,
				286C156E2692B76600903309 /* _2_3_Inheritance */,
				28CDE037268ED0A9003ADE3D /* _2_2_synthesis_access_method */,
				28CDE036268ED088003ADE3D /* _2_1_class_object_method */,
			);
			path = _2_class;
			sourceTree = "<group>";
		};
		2813A0E2269DB8E70062F9AF /* _2_6_composite_class */ = {
			isa = PBXGroup;
			children = (
				2813A0E3269DB9200062F9AF /* Square_2.h */,
				2813A0E7269DBB470062F9AF /* Square_2.m */,
				2813A0E4269DB9DE0062F9AF /* _2_6_main.m */,
			);
			path = _2_6_composite_class;
			sourceTree = "<group>";
		};
		2813A0E9269DC2680062F9AF /* _12_preprocessor */ = {
			isa = PBXGroup;
			children = (
				2813A0EA269DC35D0062F9AF /* _12_main_for_define.m */,
			);
			path = _12_preprocessor;
			sourceTree = "<group>";
		};
		2833B7B8268D8BC5000A4CF1 /* _5_loop */ = {
			isa = PBXGroup;
			children = (
				2833B7B6268D6921000A4CF1 /* _5_loop_for.m */,
				2833B7B9268D8C1E000A4CF1 /* _5_loop_while.m */,
				2833B7BB268D8F62000A4CF1 /* _5_loop_do.m */,
				2833B7BD268D929C000A4CF1 /* _5_break.m */,
				2833B7BF268D92B4000A4CF1 /* _5_loop_continue.m */,
			);
			path = _5_loop;
			sourceTree = "<group>";
		};
		2833B7C1268E8172000A4CF1 /* _6_condition */ = {
			isa = PBXGroup;
			children = (
				2833B7C2268E81AE000A4CF1 /* _6_condition_if.m */,
				28CDE030268EB7F1003ADE3D /* _6_condition_switch.m */,
				28CDE032268EB830003ADE3D /* _6_condition_Boolean.m */,
				28CDE034268ECA7C003ADE3D /* _6_conditional_operator.m */,
			);
			path = _6_condition;
			sourceTree = "<group>";
		};
		286C156E2692B76600903309 /* _2_3_Inheritance */ = {
			isa = PBXGroup;
			children = (
				286C156F2692B84D00903309 /* ClassA.h */,
				286C15702692C57F00903309 /* ClassA.m */,
				286C15722692C64000903309 /* ClassB.h */,
				286C15732692C69F00903309 /* ClassB.m */,
				286C15752692C6E500903309 /* 2_4_main.m */,
				286C15772692CAE100903309 /* Rectangle.h */,
				286C15782692CB9C00903309 /* Rectangle.m */,
				286C157A2692CC5400903309 /* _2_4_main_4_Rectangle.m */,
				286C157C2692CD2F00903309 /* Square.h */,
				286C157D2692CD8A00903309 /* Square.m */,
				286C157F2692CE5D00903309 /* _2_4_main_4_Square.m */,
				286C15812692DC0E00903309 /* XYPoint.h */,
				286C15822692DC7300903309 /* XYPoint.m */,
			);
			path = _2_3_Inheritance;
			sourceTree = "<group>";
		};
		286E850026948F6400E36008 /* _3_3_scope */ = {
			isa = PBXGroup;
			children = (
				285591E426949E37002E2D12 /* Foo.h */,
				285591E726949F29002E2D12 /* Foo.m */,
				282997352694A096008233D5 /* _3_3_main_4_global.m */,
				287E50492695123B00B005F7 /* _3_3_main_4_static.m */,
			);
			path = _3_3_scope;
			sourceTree = "<group>";
		};
		286E850126948F9A00E36008 /* _3_1_basic_type */ = {
			isa = PBXGroup;
			children = (
				2811D68F268A989700EA65A1 /* _3_1_main_4_basic_data_type.m */,
			);
			path = _3_1_basic_type;
			sourceTree = "<group>";
		};
		286E850226948FA900E36008 /* _3_2_object_init */ = {
			isa = PBXGroup;
			children = (
				2885383A269416ED00C92956 /* Fraction_3_.h */,
				2885383B269416ED00C92956 /* 3_2_main_for_object_init.m */,
				2885383C269416ED00C92956 /* Fraction_3.m */,
			);
			path = _3_2_object_init;
			sourceTree = "<group>";
		};
		287E504B26951DF800B005F7 /* _3_4_enum */ = {
			isa = PBXGroup;
			children = (
				287E504C26951E9900B005F7 /* _3_4_main.m */,
			);
			path = _3_4_enum;
			sourceTree = "<group>";
		};
		288538292693342D00C92956 /* _2_4_polymorphism */ = {
			isa = PBXGroup;
			children = (
				2885382A269337AC00C92956 /* Complex.h */,
				2885382B2693385B00C92956 /* Complex.m */,
				2885382D2693392200C92956 /* _2_4_main.m */,
			);
			path = _2_4_polymorphism;
			sourceTree = "<group>";
		};
		2885382F2693CD8A00C92956 /* _2_5_ dynamic_type */ = {
			isa = PBXGroup;
			children = (
				288538302693CDB400C92956 /* _2_5_main_4_ dynamic_type.m */,
				288538322693CDFC00C92956 /* _2_5_main_4_ check_dynamic_type.m */,
			);
			path = "_2_5_ dynamic_type";
			sourceTree = "<group>";
		};
		288538342693D24300C92956 /* _7_try_catch */ = {
			isa = PBXGroup;
			children = (
				288538352693D25F00C92956 /* _7_1_main_4_crash.m */,
				28853837269410B600C92956 /* _7_2_main_4_try_catch.m */,
			);
			path = _7_try_catch;
			sourceTree = "<group>";
		};
		288538392694168900C92956 /* _3_data_type */ = {
			isa = PBXGroup;
			children = (
				287E504B26951DF800B005F7 /* _3_4_enum */,
				286E850226948FA900E36008 /* _3_2_object_init */,
				286E850126948F9A00E36008 /* _3_1_basic_type */,
				286E850026948F6400E36008 /* _3_3_scope */,
				28D0F9F72695AB5A00C5F5B1 /* _3_5_main_for_typedef.m */,
			);
			path = _3_data_type;
			sourceTree = "<group>";
		};
		28A188E2269C7DAF0082E715 /* _10_protocol */ = {
			isa = PBXGroup;
			children = (
				28A188E3269C7F380082E715 /* Car.h */,
				28A188E4269C7F840082E715 /* RunProtocol.h */,
				28A188E5269C7FE10082E715 /* ToolProtocol.h */,
				28A29498269C808200423E63 /* _10_main.m */,
				28D4DE18269D064300AA6F40 /* Car.m */,
			);
			path = _10_protocol;
			sourceTree = "<group>";
		};
		28CDE036268ED088003ADE3D /* _2_1_class_object_method */ = {
			isa = PBXGroup;
			children = (
				2811D6892689AFFC00EA65A1 /* Fraction.h */,
				2811D68A2689B0C100EA65A1 /* Fraction.m */,
				2811D68C2689B54300EA65A1 /* Fraction_main.m */,
			);
			path = _2_1_class_object_method;
			sourceTree = "<group>";
		};
		28CDE037268ED0A9003ADE3D /* _2_2_synthesis_access_method */ = {
			isa = PBXGroup;
			children = (
				28CDE03B268ED26D003ADE3D /* Fraction_2.m */,
				28CDE03A268ED188003ADE3D /* Fraction_2.h */,
				28CDE03D268ED3B4003ADE3D /* Fraction_2_main.m */,
			);
			path = _2_2_synthesis_access_method;
			sourceTree = "<group>";
		};
		28D0F9F92695BBFD00C5F5B1 /* _4_expression */ = {
			isa = PBXGroup;
			children = (
				2833B7B4268D3E7C000A4CF1 /* _4_main_for_expression.m */,
				28D0F9FA2695BC3A00C5F5B1 /* _4_main_for_byte_operator.m */,
			);
			path = _4_expression;
			sourceTree = "<group>";
		};
		28D0F9FC269C022300C5F5B1 /* _11_category */ = {
			isa = PBXGroup;
			children = (
				28D0F9FD269C02C600C5F5B1 /* Fraction_4.h */,
				28D0F9FE269C02F800C5F5B1 /* Fraction_4.m */,
				28D0FA00269C058100C5F5B1 /* MathOps.h */,
				28BDC0F1269C064B00B0E2C2 /* MathOps.m */,
				28A188DB269C70040082E715 /* _11_main_4_category.m */,
				28A188DD269C76450082E715 /* GraphicObject.h */,
				28A188E0269C78030082E715 /* _11_main_4_class_extensions.m */,
			);
			path = _11_category;
			sourceTree = "<group>";
		};
		28D9524E268607E100B833B7 = {
			isa = PBXGroup;
			children = (
				28D95259268607E100B833B7 /* test-Object-C */,
				28D95258268607E100B833B7 /* Products */,
			);
			sourceTree = "<group>";
		};
		28D95258268607E100B833B7 /* Products */ = {
			isa = PBXGroup;
			children = (
				28D95257268607E100B833B7 /* test-Object-C */,
			);
			name = Products;
			sourceTree = "<group>";
		};
		28D95259268607E100B833B7 /* test-Object-C */ = {
			isa = PBXGroup;
			children = (
				28D9525A268607E100B833B7 /* _1_first_app.m */,
				2811D6872689AE6200EA65A1 /* _2_class */,
				288538392694168900C92956 /* _3_data_type */,
				28D0F9F92695BBFD00C5F5B1 /* _4_expression */,
				2833B7B8268D8BC5000A4CF1 /* _5_loop */,
				2833B7C1268E8172000A4CF1 /* _6_condition */,
				288538342693D24300C92956 /* _7_try_catch */,
				28A188E2269C7DAF0082E715 /* _10_protocol */,
				28D0F9FC269C022300C5F5B1 /* _11_category */,
				2813A0E9269DC2680062F9AF /* _12_preprocessor */,
			);
			path = "test-Object-C";
			sourceTree = "<group>";
		};
/* End PBXGroup section */

/* Begin PBXNativeTarget section */
		28D95256268607E100B833B7 /* test-Object-C */ = {
			isa = PBXNativeTarget;
			buildConfigurationList = 28D9525E268607E100B833B7 /* Build configuration list for PBXNativeTarget "test-Object-C" */;
			buildPhases = (
				28D95253268607E100B833B7 /* Sources */,
				28D95254268607E100B833B7 /* Frameworks */,
				28D95255268607E100B833B7 /* CopyFiles */,
			);
			buildRules = (
			);
			dependencies = (
			);
			name = "test-Object-C";
			productName = "test-Object-C";
			productReference = 28D95257268607E100B833B7 /* test-Object-C */;
			productType = "com.apple.product-type.tool";
		};
/* End PBXNativeTarget section */

/* Begin PBXProject section */
		28D9524F268607E100B833B7 /* Project object */ = {
			isa = PBXProject;
			attributes = {
				LastUpgradeCheck = 1030;
				ORGANIZATIONNAME = hades;
				TargetAttributes = {
					28D95256268607E100B833B7 = {
						CreatedOnToolsVersion = 10.3;
					};
				};
			};
			buildConfigurationList = 28D95252268607E100B833B7 /* Build configuration list for PBXProject "test-Object-C" */;
			compatibilityVersion = "Xcode 9.3";
			developmentRegion = en;
			hasScannedForEncodings = 0;
			knownRegions = (
				en,
			);
			mainGroup = 28D9524E268607E100B833B7;
			productRefGroup = 28D95258268607E100B833B7 /* Products */;
			projectDirPath = "";
			projectRoot = "";
			targets = (
				28D95256268607E100B833B7 /* test-Object-C */,
			);
		};
/* End PBXProject section */

/* Begin PBXSourcesBuildPhase section */
		28D95253268607E100B833B7 /* Sources */ = {
			isa = PBXSourcesBuildPhase;
			buildActionMask = 2147483647;
			files = (
				285591E826949F29002E2D12 /* Foo.m in Sources */,
				28CDE031268EB7F1003ADE3D /* _6_condition_switch.m in Sources */,
				2885383D269416ED00C92956 /* 3_2_main_for_object_init.m in Sources */,
				28A29499269C808200423E63 /* _10_main.m in Sources */,
				288538312693CDB400C92956 /* _2_5_main_4_ dynamic_type.m in Sources */,
				28CDE035268ECA7C003ADE3D /* _6_conditional_operator.m in Sources */,
				28D9525B268607E100B833B7 /* _1_first_app.m in Sources */,
				286C157B2692CC5400903309 /* _2_4_main_4_Rectangle.m in Sources */,
				2833B7B5268D3E7C000A4CF1 /* _4_main_for_expression.m in Sources */,
				28A188E1269C78030082E715 /* _11_main_4_class_extensions.m in Sources */,
				286C15712692C57F00903309 /* ClassA.m in Sources */,
				2833B7C0268D92B4000A4CF1 /* _5_loop_continue.m in Sources */,
				288538362693D25F00C92956 /* _7_1_main_4_crash.m in Sources */,
				2811D690268A989700EA65A1 /* _3_1_main_4_basic_data_type.m in Sources */,
				28853838269410B600C92956 /* _7_2_main_4_try_catch.m in Sources */,
				2813A0EB269DC35D0062F9AF /* _12_main_for_define.m in Sources */,
				2811D68B2689B0C100EA65A1 /* Fraction.m in Sources */,
				286C15792692CB9C00903309 /* Rectangle.m in Sources */,
				28CDE03E268ED3B4003ADE3D /* Fraction_2_main.m in Sources */,
				287E504A2695123B00B005F7 /* _3_3_main_4_static.m in Sources */,
				28D0F9F82695AB5A00C5F5B1 /* _3_5_main_for_typedef.m in Sources */,
				2885383E269416ED00C92956 /* Fraction_3.m in Sources */,
				2885382C2693385B00C92956 /* Complex.m in Sources */,
				28D4DE19269D064300AA6F40 /* Car.m in Sources */,
				287E504D26951E9900B005F7 /* _3_4_main.m in Sources */,
				28D0F9FF269C02F800C5F5B1 /* Fraction_4.m in Sources */,
				28CDE033268EB830003ADE3D /* _6_condition_Boolean.m in Sources */,
				286C15742692C69F00903309 /* ClassB.m in Sources */,
				286C157E2692CD8A00903309 /* Square.m in Sources */,
				2833B7C3268E81AE000A4CF1 /* _6_condition_if.m in Sources */,
				2833B7BA268D8C1E000A4CF1 /* _5_loop_while.m in Sources */,
				2811D68D2689B54300EA65A1 /* Fraction_main.m in Sources */,
				282997362694A096008233D5 /* _3_3_main_4_global.m in Sources */,
				28A188DC269C70040082E715 /* _11_main_4_category.m in Sources */,
				2885382E2693392200C92956 /* _2_4_main.m in Sources */,
				286C15802692CE5D00903309 /* _2_4_main_4_Square.m in Sources */,
				28CDE03C268ED26D003ADE3D /* Fraction_2.m in Sources */,
				28BDC0F2269C064B00B0E2C2 /* MathOps.m in Sources */,
				2813A0E5269DB9DE0062F9AF /* _2_6_main.m in Sources */,
				288538332693CDFC00C92956 /* _2_5_main_4_ check_dynamic_type.m in Sources */,
				2833B7BE268D929C000A4CF1 /* _5_break.m in Sources */,
				2833B7BC268D8F62000A4CF1 /* _5_loop_do.m in Sources */,
				2813A0E8269DBB470062F9AF /* Square_2.m in Sources */,
				286C15762692C6E500903309 /* 2_4_main.m in Sources */,
				28D0F9FB2695BC3A00C5F5B1 /* _4_main_for_byte_operator.m in Sources */,
				2833B7B7268D6921000A4CF1 /* _5_loop_for.m in Sources */,
				286C15832692DC7300903309 /* XYPoint.m in Sources */,
			);
			runOnlyForDeploymentPostprocessing = 0;
		};
/* End PBXSourcesBuildPhase section */

/* Begin XCBuildConfiguration section */
		28D9525C268607E100B833B7 /* Debug */ = {
			isa = XCBuildConfiguration;
			buildSettings = {
				ALWAYS_SEARCH_USER_PATHS = NO;
				CLANG_ANALYZER_NONNULL = YES;
				CLANG_ANALYZER_NUMBER_OBJECT_CONVERSION = YES_AGGRESSIVE;
				CLANG_CXX_LANGUAGE_STANDARD = "gnu++14";
				CLANG_CXX_LIBRARY = "libc++";
				CLANG_ENABLE_MODULES = YES;
				CLANG_ENABLE_OBJC_ARC = YES;
				CLANG_ENABLE_OBJC_WEAK = YES;
				CLANG_WARN_BLOCK_CAPTURE_AUTORELEASING = YES;
				CLANG_WARN_BOOL_CONVERSION = YES;
				CLANG_WARN_COMMA = YES;
				CLANG_WARN_CONSTANT_CONVERSION = YES;
				CLANG_WARN_DEPRECATED_OBJC_IMPLEMENTATIONS = YES;
				CLANG_WARN_DIRECT_OBJC_ISA_USAGE = YES_ERROR;
				CLANG_WARN_DOCUMENTATION_COMMENTS = YES;
				CLANG_WARN_EMPTY_BODY = YES;
				CLANG_WARN_ENUM_CONVERSION = YES;
				CLANG_WARN_INFINITE_RECURSION = YES;
				CLANG_WARN_INT_CONVERSION = YES;
				CLANG_WARN_NON_LITERAL_NULL_CONVERSION = YES;
				CLANG_WARN_OBJC_IMPLICIT_RETAIN_SELF = YES;
				CLANG_WARN_OBJC_LITERAL_CONVERSION = YES;
				CLANG_WARN_OBJC_ROOT_CLASS = YES_ERROR;
				CLANG_WARN_RANGE_LOOP_ANALYSIS = YES;
				CLANG_WARN_STRICT_PROTOTYPES = YES;
				CLANG_WARN_SUSPICIOUS_MOVE = YES;
				CLANG_WARN_UNGUARDED_AVAILABILITY = YES_AGGRESSIVE;
				CLANG_WARN_UNREACHABLE_CODE = YES;
				CLANG_WARN__DUPLICATE_METHOD_MATCH = YES;
				CODE_SIGN_IDENTITY = "Mac Developer";
				COPY_PHASE_STRIP = NO;
				DEBUG_INFORMATION_FORMAT = dwarf;
				ENABLE_STRICT_OBJC_MSGSEND = YES;
				ENABLE_TESTABILITY = YES;
				GCC_C_LANGUAGE_STANDARD = gnu11;
				GCC_DYNAMIC_NO_PIC = NO;
				GCC_NO_COMMON_BLOCKS = YES;
				GCC_OPTIMIZATION_LEVEL = 0;
				GCC_PREPROCESSOR_DEFINITIONS = (
					"DEBUG=1",
					"$(inherited)",
				);
				GCC_WARN_64_TO_32_BIT_CONVERSION = YES;
				GCC_WARN_ABOUT_RETURN_TYPE = YES_ERROR;
				GCC_WARN_UNDECLARED_SELECTOR = YES;
				GCC_WARN_UNINITIALIZED_AUTOS = YES_AGGRESSIVE;
				GCC_WARN_UNUSED_FUNCTION = YES;
				GCC_WARN_UNUSED_VARIABLE = YES;
				MACOSX_DEPLOYMENT_TARGET = 10.14;
				MTL_ENABLE_DEBUG_INFO = INCLUDE_SOURCE;
				MTL_FAST_MATH = YES;
				ONLY_ACTIVE_ARCH = YES;
				SDKROOT = macosx;
			};
			name = Debug;
		};
		28D9525D268607E100B833B7 /* Release */ = {
			isa = XCBuildConfiguration;
			buildSettings = {
				ALWAYS_SEARCH_USER_PATHS = NO;
				CLANG_ANALYZER_NONNULL = YES;
				CLANG_ANALYZER_NUMBER_OBJECT_CONVERSION = YES_AGGRESSIVE;
				CLANG_CXX_LANGUAGE_STANDARD = "gnu++14";
				CLANG_CXX_LIBRARY = "libc++";
				CLANG_ENABLE_MODULES = YES;
				CLANG_ENABLE_OBJC_ARC = YES;
				CLANG_ENABLE_OBJC_WEAK = YES;
				CLANG_WARN_BLOCK_CAPTURE_AUTORELEASING = YES;
				CLANG_WARN_BOOL_CONVERSION = YES;
				CLANG_WARN_COMMA = YES;
				CLANG_WARN_CONSTANT_CONVERSION = YES;
				CLANG_WARN_DEPRECATED_OBJC_IMPLEMENTATIONS = YES;
				CLANG_WARN_DIRECT_OBJC_ISA_USAGE = YES_ERROR;
				CLANG_WARN_DOCUMENTATION_COMMENTS = YES;
				CLANG_WARN_EMPTY_BODY = YES;
				CLANG_WARN_ENUM_CONVERSION = YES;
				CLANG_WARN_INFINITE_RECURSION = YES;
				CLANG_WARN_INT_CONVERSION = YES;
				CLANG_WARN_NON_LITERAL_NULL_CONVERSION = YES;
				CLANG_WARN_OBJC_IMPLICIT_RETAIN_SELF = YES;
				CLANG_WARN_OBJC_LITERAL_CONVERSION = YES;
				CLANG_WARN_OBJC_ROOT_CLASS = YES_ERROR;
				CLANG_WARN_RANGE_LOOP_ANALYSIS = YES;
				CLANG_WARN_STRICT_PROTOTYPES = YES;
				CLANG_WARN_SUSPICIOUS_MOVE = YES;
				CLANG_WARN_UNGUARDED_AVAILABILITY = YES_AGGRESSIVE;
				CLANG_WARN_UNREACHABLE_CODE = YES;
				CLANG_WARN__DUPLICATE_METHOD_MATCH = YES;
				CODE_SIGN_IDENTITY = "Mac Developer";
				COPY_PHASE_STRIP = NO;
				DEBUG_INFORMATION_FORMAT = "dwarf-with-dsym";
				ENABLE_NS_ASSERTIONS = NO;
				ENABLE_STRICT_OBJC_MSGSEND = YES;
				GCC_C_LANGUAGE_STANDARD = gnu11;
				GCC_NO_COMMON_BLOCKS = YES;
				GCC_WARN_64_TO_32_BIT_CONVERSION = YES;
				GCC_WARN_ABOUT_RETURN_TYPE = YES_ERROR;
				GCC_WARN_UNDECLARED_SELECTOR = YES;
				GCC_WARN_UNINITIALIZED_AUTOS = YES_AGGRESSIVE;
				GCC_WARN_UNUSED_FUNCTION = YES;
				GCC_WARN_UNUSED_VARIABLE = YES;
				MACOSX_DEPLOYMENT_TARGET = 10.14;
				MTL_ENABLE_DEBUG_INFO = NO;
				MTL_FAST_MATH = YES;
				SDKROOT = macosx;
			};
			name = Release;
		};
		28D9525F268607E100B833B7 /* Debug */ = {
			isa = XCBuildConfiguration;
			buildSettings = {
				CODE_SIGN_STYLE = Automatic;
				DEVELOPMENT_TEAM = VZYZW6949U;
				PRODUCT_NAME = "$(TARGET_NAME)";
			};
			name = Debug;
		};
		28D95260268607E100B833B7 /* Release */ = {
			isa = XCBuildConfiguration;
			buildSettings = {
				CODE_SIGN_STYLE = Automatic;
				DEVELOPMENT_TEAM = VZYZW6949U;
				PRODUCT_NAME = "$(TARGET_NAME)";
			};
			name = Release;
		};
/* End XCBuildConfiguration section */

/* Begin XCConfigurationList section */
		28D95252268607E100B833B7 /* Build configuration list for PBXProject "test-Object-C" */ = {
			isa = XCConfigurationList;
			buildConfigurations = (
				28D9525C268607E100B833B7 /* Debug */,
				28D9525D268607E100B833B7 /* Release */,
			);
			defaultConfigurationIsVisible = 0;
			defaultConfigurationName = Release;
		};
		28D9525E268607E100B833B7 /* Build configuration list for PBXNativeTarget "test-Object-C" */ = {
			isa = XCConfigurationList;
			buildConfigurations = (
				28D9525F268607E100B833B7 /* Debug */,
				28D95260268607E100B833B7 /* Release */,
			);
			defaultConfigurationIsVisible = 0;
			defaultConfigurationName = Release;
		};
/* End XCConfigurationList section */
	};
	rootObject = 28D9524F268607E100B833B7 /* Project object */;
}
