// !$*UTF8*$!
{
	archiveVersion = 1;
	classes = {
	};
	objectVersion = 55;
	objects = {

/* Begin PBXFileReference section */
		283E1F8028826AE300DF978D /* main.swift */ = {isa = PBXFileReference; lastKnownFileType = sourcecode.swift; path = main.swift; sourceTree = "<group>"; };
		283E1F8228826BEE00DF978D /* SwiftPlayground.playground */ = {isa = PBXFileReference; lastKnownFileType = file.playground; path = SwiftPlayground.playground; sourceTree = "<group>"; xcLanguageSpecificationIdentifier = xcode.lang.swift; };
/* End PBXFileReference section */

/* Begin PBXGroup section */
		283E1F7728826A3500DF978D = {
			isa = PBXGroup;
			children = (
				283E1F8228826BEE00DF978D /* SwiftPlayground.playground */,
				283E1F8028826AE300DF978D /* main.swift */,
			);
			sourceTree = "<group>";
		};
/* End PBXGroup section */

/* Begin PBXProject section */
		283E1F7828826A3500DF978D /* Project object */ = {
			isa = PBXProject;
			attributes = {
				BuildIndependentTargetsInParallel = 1;
				LastUpgradeCheck = 1330;
			};
			buildConfigurationList = 283E1F7B28826A3500DF978D /* Build configuration list for PBXProject "Test-Swift" */;
			compatibilityVersion = "Xcode 13.0";
			developmentRegion = en;
			hasScannedForEncodings = 0;
			knownRegions = (
				en,
				Base,
			);
			mainGroup = 283E1F7728826A3500DF978D;
			projectDirPath = "";
			projectRoot = "";
			targets = (
			);
		};
/* End PBXProject section */

/* Begin XCBuildConfiguration section */
		283E1F7C28826A3500DF978D /* Debug */ = {
			isa = XCBuildConfiguration;
			buildSettings = {
			};
			name = Debug;
		};
		283E1F7D28826A3500DF978D /* Release */ = {
			isa = XCBuildConfiguration;
			buildSettings = {
			};
			name = Release;
		};
/* End XCBuildConfiguration section */

/* Begin XCConfigurationList section */
		283E1F7B28826A3500DF978D /* Build configuration list for PBXProject "Test-Swift" */ = {
			isa = XCConfigurationList;
			buildConfigurations = (
				283E1F7C28826A3500DF978D /* Debug */,
				283E1F7D28826A3500DF978D /* Release */,
			);
			defaultConfigurationIsVisible = 0;
			defaultConfigurationName = Release;
		};
/* End XCConfigurationList section */
	};
	rootObject = 283E1F7828826A3500DF978D /* Project object */;
}
