// !$*UTF8*$!
{
	archiveVersion = 1;
	classes = {
	};
	objectVersion = 50;
	objects = {

/* Begin PBXBuildFile section */
		28AB8E8E2557DA8B00AAB913 /* main.swift in Sources */ = {isa = PBXBuildFile; fileRef = 28AB8E8D2557DA8B00AAB913 /* main.swift */; };
/* End PBXBuildFile section */

/* Begin PBXCopyFilesBuildPhase section */
		28AB8E882557DA8B00AAB913 /* CopyFiles */ = {
			isa = PBXCopyFilesBuildPhase;
			buildActionMask = 2147483647;
			dstPath = /usr/share/man/man1/;
			dstSubfolderSpec = 0;
			files = (
			);
			runOnlyForDeploymentPostprocessing = 1;
		};
/* End PBXCopyFilesBuildPhase section */

/* Begin PBXFileReference section */
		280589B325629C6500EE9317 /* _7_tuple.playground */ = {isa = PBXFileReference; lastKnownFileType = file.playground; path = _7_tuple.playground; sourceTree = "<group>"; xcLanguageSpecificationIdentifier = xcode.lang.swift; };
		280589B42562A11300EE9317 /* _8_char.playground */ = {isa = PBXFileReference; lastKnownFileType = file.playground; path = _8_char.playground; sourceTree = "<group>"; xcLanguageSpecificationIdentifier = xcode.lang.swift; };
		280589B52562A14800EE9317 /* _9_string.playground */ = {isa = PBXFileReference; lastKnownFileType = file.playground; path = _9_string.playground; sourceTree = "<group>"; xcLanguageSpecificationIdentifier = xcode.lang.swift; };
		285990342563ECAF00583D76 /* _10_operation.playground */ = {isa = PBXFileReference; lastKnownFileType = file.playground; path = _10_operation.playground; sourceTree = "<group>"; xcLanguageSpecificationIdentifier = xcode.lang.swift; };
		2898DDC725595EB60025EF7D /* comments.playground */ = {isa = PBXFileReference; lastKnownFileType = file.playground; path = comments.playground; sourceTree = "<group>"; xcLanguageSpecificationIdentifier = xcode.lang.swift; };
		2898DDC825595F4C0025EF7D /* semicolon.playground */ = {isa = PBXFileReference; lastKnownFileType = file.playground; path = semicolon.playground; sourceTree = "<group>"; xcLanguageSpecificationIdentifier = xcode.lang.swift; };
		2898DDC9255A10B00025EF7D /*  base_ data_type.playground */ = {isa = PBXFileReference; lastKnownFileType = file.playground; path = " base_ data_type.playground"; sourceTree = "<group>"; xcLanguageSpecificationIdentifier = xcode.lang.swift; };
		28A0559C2557EB4F00C82589 /* _let.playground */ = {isa = PBXFileReference; lastKnownFileType = file.playground; path = _let.playground; sourceTree = "<group>"; xcLanguageSpecificationIdentifier = xcode.lang.swift; };
		28A055A02557ECAC00C82589 /* _var.playground */ = {isa = PBXFileReference; lastKnownFileType = file.playground; path = _var.playground; sourceTree = "<group>"; xcLanguageSpecificationIdentifier = xcode.lang.swift; };
		28A055A12557ECD200C82589 /* _loop.playground */ = {isa = PBXFileReference; lastKnownFileType = file.playground; path = _loop.playground; sourceTree = "<group>"; xcLanguageSpecificationIdentifier = xcode.lang.swift; };
		28AB8E8A2557DA8B00AAB913 /* SwiftExample */ = {isa = PBXFileReference; explicitFileType = "compiled.mach-o.executable"; includeInIndex = 0; path = SwiftExample; sourceTree = BUILT_PRODUCTS_DIR; };
		28AB8E8D2557DA8B00AAB913 /* main.swift */ = {isa = PBXFileReference; lastKnownFileType = sourcecode.swift; path = main.swift; sourceTree = "<group>"; };
/* End PBXFileReference section */

/* Begin PBXFrameworksBuildPhase section */
		28AB8E872557DA8B00AAB913 /* Frameworks */ = {
			isa = PBXFrameworksBuildPhase;
			buildActionMask = 2147483647;
			files = (
			);
			runOnlyForDeploymentPostprocessing = 0;
		};
/* End PBXFrameworksBuildPhase section */

/* Begin PBXGroup section */
		28AB8E812557DA8B00AAB913 = {
			isa = PBXGroup;
			children = (
				28AB8E8C2557DA8B00AAB913 /* SwiftExample */,
				28AB8E8B2557DA8B00AAB913 /* Products */,
			);
			sourceTree = "<group>";
		};
		28AB8E8B2557DA8B00AAB913 /* Products */ = {
			isa = PBXGroup;
			children = (
				28AB8E8A2557DA8B00AAB913 /* SwiftExample */,
			);
			name = Products;
			sourceTree = "<group>";
		};
		28AB8E8C2557DA8B00AAB913 /* SwiftExample */ = {
			isa = PBXGroup;
			children = (
				285990342563ECAF00583D76 /* _10_operation.playground */,
				280589B52562A14800EE9317 /* _9_string.playground */,
				280589B42562A11300EE9317 /* _8_char.playground */,
				280589B325629C6500EE9317 /* _7_tuple.playground */,
				2898DDC9255A10B00025EF7D /*  base_ data_type.playground */,
				2898DDC825595F4C0025EF7D /* semicolon.playground */,
				2898DDC725595EB60025EF7D /* comments.playground */,
				28A055A12557ECD200C82589 /* _loop.playground */,
				28A055A02557ECAC00C82589 /* _var.playground */,
				28A0559C2557EB4F00C82589 /* _let.playground */,
				28AB8E8D2557DA8B00AAB913 /* main.swift */,
			);
			path = SwiftExample;
			sourceTree = "<group>";
		};
/* End PBXGroup section */

/* Begin PBXNativeTarget section */
		28AB8E892557DA8B00AAB913 /* SwiftExample */ = {
			isa = PBXNativeTarget;
			buildConfigurationList = 28AB8E912557DA8B00AAB913 /* Build configuration list for PBXNativeTarget "SwiftExample" */;
			buildPhases = (
				28AB8E862557DA8B00AAB913 /* Sources */,
				28AB8E872557DA8B00AAB913 /* Frameworks */,
				28AB8E882557DA8B00AAB913 /* CopyFiles */,
			);
			buildRules = (
			);
			dependencies = (
			);
			name = SwiftExample;
			productName = SwiftExample;
			productReference = 28AB8E8A2557DA8B00AAB913 /* SwiftExample */;
			productType = "com.apple.product-type.tool";
		};
/* End PBXNativeTarget section */

/* Begin PBXProject section */
		28AB8E822557DA8B00AAB913 /* Project object */ = {
			isa = PBXProject;
			attributes = {
				LastSwiftUpdateCheck = 1030;
				LastUpgradeCheck = 1030;
				ORGANIZATIONNAME = hades;
				TargetAttributes = {
					28AB8E892557DA8B00AAB913 = {
						CreatedOnToolsVersion = 10.3;
					};
				};
			};
			buildConfigurationList = 28AB8E852557DA8B00AAB913 /* Build configuration list for PBXProject "SwiftExample" */;
			compatibilityVersion = "Xcode 9.3";
			developmentRegion = en;
			hasScannedForEncodings = 0;
			knownRegions = (
				en,
			);
			mainGroup = 28AB8E812557DA8B00AAB913;
			productRefGroup = 28AB8E8B2557DA8B00AAB913 /* Products */;
			projectDirPath = "";
			projectRoot = "";
			targets = (
				28AB8E892557DA8B00AAB913 /* SwiftExample */,
			);
		};
/* End PBXProject section */

/* Begin PBXSourcesBuildPhase section */
		28AB8E862557DA8B00AAB913 /* Sources */ = {
			isa = PBXSourcesBuildPhase;
			buildActionMask = 2147483647;
			files = (
				28AB8E8E2557DA8B00AAB913 /* main.swift in Sources */,
			);
			runOnlyForDeploymentPostprocessing = 0;
		};
/* End PBXSourcesBuildPhase section */

/* Begin XCBuildConfiguration section */
		28AB8E8F2557DA8B00AAB913 /* Debug */ = {
			isa = XCBuildConfiguration;
			buildSettings = {
				ALWAYS_SEARCH_USER_PATHS = NO;
				CLANG_ANALYZER_NONNULL = YES;
				CLANG_ANALYZER_NUMBER_OBJECT_CONVERSION = YES_AGGRESSIVE;
				CLANG_CXX_LANGUAGE_STANDARD = "gnu++14";
				CLANG_CXX_LIBRARY = "libc++";
				CLANG_ENABLE_MODULES = YES;
				CLANG_ENABLE_OBJC_ARC = YES;
				CLANG_ENABLE_OBJC_WEAK = YES;
				CLANG_WARN_BLOCK_CAPTURE_AUTORELEASING = YES;
				CLANG_WARN_BOOL_CONVERSION = YES;
				CLANG_WARN_COMMA = YES;
				CLANG_WARN_CONSTANT_CONVERSION = YES;
				CLANG_WARN_DEPRECATED_OBJC_IMPLEMENTATIONS = YES;
				CLANG_WARN_DIRECT_OBJC_ISA_USAGE = YES_ERROR;
				CLANG_WARN_DOCUMENTATION_COMMENTS = YES;
				CLANG_WARN_EMPTY_BODY = YES;
				CLANG_WARN_ENUM_CONVERSION = YES;
				CLANG_WARN_INFINITE_RECURSION = YES;
				CLANG_WARN_INT_CONVERSION = YES;
				CLANG_WARN_NON_LITERAL_NULL_CONVERSION = YES;
				CLANG_WARN_OBJC_IMPLICIT_RETAIN_SELF = YES;
				CLANG_WARN_OBJC_LITERAL_CONVERSION = YES;
				CLANG_WARN_OBJC_ROOT_CLASS = YES_ERROR;
				CLANG_WARN_RANGE_LOOP_ANALYSIS = YES;
				CLANG_WARN_STRICT_PROTOTYPES = YES;
				CLANG_WARN_SUSPICIOUS_MOVE = YES;
				CLANG_WARN_UNGUARDED_AVAILABILITY = YES_AGGRESSIVE;
				CLANG_WARN_UNREACHABLE_CODE = YES;
				CLANG_WARN__DUPLICATE_METHOD_MATCH = YES;
				CODE_SIGN_IDENTITY = "-";
				COPY_PHASE_STRIP = NO;
				DEBUG_INFORMATION_FORMAT = dwarf;
				ENABLE_STRICT_OBJC_MSGSEND = YES;
				ENABLE_TESTABILITY = YES;
				GCC_C_LANGUAGE_STANDARD = gnu11;
				GCC_DYNAMIC_NO_PIC = NO;
				GCC_NO_COMMON_BLOCKS = YES;
				GCC_OPTIMIZATION_LEVEL = 0;
				GCC_PREPROCESSOR_DEFINITIONS = (
					"DEBUG=1",
					"$(inherited)",
				);
				GCC_WARN_64_TO_32_BIT_CONVERSION = YES;
				GCC_WARN_ABOUT_RETURN_TYPE = YES_ERROR;
				GCC_WARN_UNDECLARED_SELECTOR = YES;
				GCC_WARN_UNINITIALIZED_AUTOS = YES_AGGRESSIVE;
				GCC_WARN_UNUSED_FUNCTION = YES;
				GCC_WARN_UNUSED_VARIABLE = YES;
				MACOSX_DEPLOYMENT_TARGET = 10.14;
				MTL_ENABLE_DEBUG_INFO = INCLUDE_SOURCE;
				MTL_FAST_MATH = YES;
				ONLY_ACTIVE_ARCH = YES;
				SDKROOT = macosx;
				SWIFT_ACTIVE_COMPILATION_CONDITIONS = DEBUG;
				SWIFT_OPTIMIZATION_LEVEL = "-Onone";
			};
			name = Debug;
		};
		28AB8E902557DA8B00AAB913 /* Release */ = {
			isa = XCBuildConfiguration;
			buildSettings = {
				ALWAYS_SEARCH_USER_PATHS = NO;
				CLANG_ANALYZER_NONNULL = YES;
				CLANG_ANALYZER_NUMBER_OBJECT_CONVERSION = YES_AGGRESSIVE;
				CLANG_CXX_LANGUAGE_STANDARD = "gnu++14";
				CLANG_CXX_LIBRARY = "libc++";
				CLANG_ENABLE_MODULES = YES;
				CLANG_ENABLE_OBJC_ARC = YES;
				CLANG_ENABLE_OBJC_WEAK = YES;
				CLANG_WARN_BLOCK_CAPTURE_AUTORELEASING = YES;
				CLANG_WARN_BOOL_CONVERSION = YES;
				CLANG_WARN_COMMA = YES;
				CLANG_WARN_CONSTANT_CONVERSION = YES;
				CLANG_WARN_DEPRECATED_OBJC_IMPLEMENTATIONS = YES;
				CLANG_WARN_DIRECT_OBJC_ISA_USAGE = YES_ERROR;
				CLANG_WARN_DOCUMENTATION_COMMENTS = YES;
				CLANG_WARN_EMPTY_BODY = YES;
				CLANG_WARN_ENUM_CONVERSION = YES;
				CLANG_WARN_INFINITE_RECURSION = YES;
				CLANG_WARN_INT_CONVERSION = YES;
				CLANG_WARN_NON_LITERAL_NULL_CONVERSION = YES;
				CLANG_WARN_OBJC_IMPLICIT_RETAIN_SELF = YES;
				CLANG_WARN_OBJC_LITERAL_CONVERSION = YES;
				CLANG_WARN_OBJC_ROOT_CLASS = YES_ERROR;
				CLANG_WARN_RANGE_LOOP_ANALYSIS = YES;
				CLANG_WARN_STRICT_PROTOTYPES = YES;
				CLANG_WARN_SUSPICIOUS_MOVE = YES;
				CLANG_WARN_UNGUARDED_AVAILABILITY = YES_AGGRESSIVE;
				CLANG_WARN_UNREACHABLE_CODE = YES;
				CLANG_WARN__DUPLICATE_METHOD_MATCH = YES;
				CODE_SIGN_IDENTITY = "-";
				COPY_PHASE_STRIP = NO;
				DEBUG_INFORMATION_FORMAT = "dwarf-with-dsym";
				ENABLE_NS_ASSERTIONS = NO;
				ENABLE_STRICT_OBJC_MSGSEND = YES;
				GCC_C_LANGUAGE_STANDARD = gnu11;
				GCC_NO_COMMON_BLOCKS = YES;
				GCC_WARN_64_TO_32_BIT_CONVERSION = YES;
				GCC_WARN_ABOUT_RETURN_TYPE = YES_ERROR;
				GCC_WARN_UNDECLARED_SELECTOR = YES;
				GCC_WARN_UNINITIALIZED_AUTOS = YES_AGGRESSIVE;
				GCC_WARN_UNUSED_FUNCTION = YES;
				GCC_WARN_UNUSED_VARIABLE = YES;
				MACOSX_DEPLOYMENT_TARGET = 10.14;
				MTL_ENABLE_DEBUG_INFO = NO;
				MTL_FAST_MATH = YES;
				SDKROOT = macosx;
				SWIFT_COMPILATION_MODE = wholemodule;
				SWIFT_OPTIMIZATION_LEVEL = "-O";
			};
			name = Release;
		};
		28AB8E922557DA8B00AAB913 /* Debug */ = {
			isa = XCBuildConfiguration;
			buildSettings = {
				CODE_SIGN_STYLE = Automatic;
				PRODUCT_NAME = "$(TARGET_NAME)";
				SWIFT_VERSION = 5.0;
			};
			name = Debug;
		};
		28AB8E932557DA8B00AAB913 /* Release */ = {
			isa = XCBuildConfiguration;
			buildSettings = {
				CODE_SIGN_STYLE = Automatic;
				PRODUCT_NAME = "$(TARGET_NAME)";
				SWIFT_VERSION = 5.0;
			};
			name = Release;
		};
/* End XCBuildConfiguration section */

/* Begin XCConfigurationList section */
		28AB8E852557DA8B00AAB913 /* Build configuration list for PBXProject "SwiftExample" */ = {
			isa = XCConfigurationList;
			buildConfigurations = (
				28AB8E8F2557DA8B00AAB913 /* Debug */,
				28AB8E902557DA8B00AAB913 /* Release */,
			);
			defaultConfigurationIsVisible = 0;
			defaultConfigurationName = Release;
		};
		28AB8E912557DA8B00AAB913 /* Build configuration list for PBXNativeTarget "SwiftExample" */ = {
			isa = XCConfigurationList;
			buildConfigurations = (
				28AB8E922557DA8B00AAB913 /* Debug */,
				28AB8E932557DA8B00AAB913 /* Release */,
			);
			defaultConfigurationIsVisible = 0;
			defaultConfigurationName = Release;
		};
/* End XCConfigurationList section */
	};
	rootObject = 28AB8E822557DA8B00AAB913 /* Project object */;
}
